{
  "version": 4,
  "terraform_version": "0.13.3",
  "serial": 1204,
  "lineage": "c808b5d0-dfd4-ab47-c0de-8ff9fee50d2b",
  "outputs": {
    "autoscaling_group_name": {
      "value": "Aleidy-us-east-1-dev-Autoscaling",
      "type": "string"
    },
    "security_group_ids": {
      "value": "sg-0724ddbee4c7b521a",
      "type": "string"
    },
    "target_group_arn": {
      "value": "arn:aws:elasticloadbalancing:us-east-1:862989290375:targetgroup/Aleidy-us-east-1-dev-targetGroup/64d94c72d12db6dc",
      "type": "string"
    }
  },
  "resources": [
    {
      "module": "module.S3_bucket",
      "mode": "managed",
      "type": "aws_s3_bucket",
      "name": "aleidy",
      "provider": "provider[\"registry.terraform.io/hashicorp/aws\"]",
      "instances": [
        {
          "schema_version": 0,
          "attributes": {
            "acceleration_status": "",
            "acl": "private",
            "arn": "arn:aws:s3:::aleidybucket1-862989290375",
            "bucket": "aleidybucket1-862989290375",
            "bucket_domain_name": "aleidybucket1-862989290375.s3.amazonaws.com",
            "bucket_prefix": null,
            "bucket_regional_domain_name": "aleidybucket1-862989290375.s3.amazonaws.com",
            "cors_rule": [],
            "force_destroy": false,
            "grant": [],
            "hosted_zone_id": "Z3AQBSTGFYJSTF",
            "id": "aleidybucket1-862989290375",
            "lifecycle_rule": [],
            "logging": [],
            "object_lock_configuration": [],
            "policy": null,
            "region": "us-east-1",
            "replication_configuration": [],
            "request_payer": "BucketOwner",
            "server_side_encryption_configuration": [],
            "tags": {},
            "versioning": [
              {
                "enabled": false,
                "mfa_delete": false
              }
            ],
            "website": [],
            "website_domain": null,
            "website_endpoint": null
          },
          "private": "bnVsbA=="
        }
      ]
    },
    {
      "module": "module.autoscaling_group",
      "mode": "managed",
      "type": "aws_autoscaling_group",
      "name": "bar",
      "provider": "provider[\"registry.terraform.io/hashicorp/aws\"]",
      "instances": [
        {
          "schema_version": 0,
          "attributes": {
            "arn": "arn:aws:autoscaling:us-east-1:862989290375:autoScalingGroup:ad29c86f-3f18-4900-b0f1-4bd39dc983bb:autoScalingGroupName/Aleidy-us-east-1-dev-Autoscaling",
            "availability_zones": [
              "us-east-1a",
              "us-east-1b",
              "us-east-1c"
            ],
            "capacity_rebalance": false,
            "default_cooldown": 300,
            "desired_capacity": 1,
            "enabled_metrics": [],
            "force_delete": false,
            "health_check_grace_period": 300,
            "health_check_type": "EC2",
            "id": "Aleidy-us-east-1-dev-Autoscaling",
            "initial_lifecycle_hook": [],
            "launch_configuration": "Aleidy-us-east-1-dev-launchConfi20210108015752821600000001",
            "launch_template": [],
            "load_balancers": [],
            "max_instance_lifetime": 0,
            "max_size": 1,
            "metrics_granularity": "1Minute",
            "min_elb_capacity": null,
            "min_size": 1,
            "mixed_instances_policy": [],
            "name": "Aleidy-us-east-1-dev-Autoscaling",
            "name_prefix": null,
            "placement_group": "",
            "protect_from_scale_in": false,
            "service_linked_role_arn": "arn:aws:iam::862989290375:role/aws-service-role/autoscaling.amazonaws.com/AWSServiceRoleForAutoScaling",
            "suspended_processes": [],
            "tag": [],
            "tags": null,
            "target_group_arns": [],
            "termination_policies": [],
            "timeouts": null,
            "vpc_zone_identifier": [
              "subnet-002b03232f00c3ace",
              "subnet-04746d9359295588e",
              "subnet-0512debda61bd6766"
            ],
            "wait_for_capacity_timeout": "10m",
            "wait_for_elb_capacity": null
          },
          "private": "eyJlMmJmYjczMC1lY2FhLTExZTYtOGY4OC0zNDM2M2JjN2M0YzAiOnsiZGVsZXRlIjo2MDAwMDAwMDAwMDB9fQ==",
          "dependencies": [
            "module.ecs_module.aws_launch_configuration.as_conf",
            "module.vpc.aws_subnet.private_1",
            "module.vpc.aws_subnet.private_2",
            "module.vpc.aws_subnet.private_3"
          ]
        }
      ]
    },
    {
      "module": "module.db-security_group",
      "mode": "managed",
      "type": "aws_security_group",
      "name": "security_group",
      "provider": "provider[\"registry.terraform.io/hashicorp/aws\"]",
      "instances": [
        {
          "schema_version": 1,
          "attributes": {
            "arn": "arn:aws:ec2:us-east-1:862989290375:security-group/sg-0e6ff2e8a073a73db",
            "description": "Managed by Terraform",
            "egress": [
              {
                "cidr_blocks": [
                  "0.0.0.0/0"
                ],
                "description": "",
                "from_port": 0,
                "ipv6_cidr_blocks": [],
                "prefix_list_ids": [],
                "protocol": "-1",
                "security_groups": [],
                "self": false,
                "to_port": 0
              }
            ],
            "id": "sg-0e6ff2e8a073a73db",
            "ingress": [
              {
                "cidr_blocks": [
                  "0.0.0.0/0"
                ],
                "description": "Allow traffic from public instances.security_group",
                "from_port": 443,
                "ipv6_cidr_blocks": [],
                "prefix_list_ids": [],
                "protocol": "tcp",
                "security_groups": [],
                "self": false,
                "to_port": 443
              },
              {
                "cidr_blocks": [
                  "0.0.0.0/0"
                ],
                "description": "Allow traffic from public instances.security_group",
                "from_port": 80,
                "ipv6_cidr_blocks": [],
                "prefix_list_ids": [],
                "protocol": "tcp",
                "security_groups": [],
                "self": false,
                "to_port": 80
              }
            ],
            "name": "Aleidy-us-east-1-dev-db-security",
            "name_prefix": "",
            "owner_id": "862989290375",
            "revoke_rules_on_delete": false,
            "tags": {
              "Deployment_Method": "terraform",
              "name": "Aleidy-us-east-1-dev-security_group"
            },
            "timeouts": null,
            "vpc_id": "vpc-062aad044e883696e"
          },
          "private": "eyJlMmJmYjczMC1lY2FhLTExZTYtOGY4OC0zNDM2M2JjN2M0YzAiOnsiY3JlYXRlIjo2MDAwMDAwMDAwMDAsImRlbGV0ZSI6NjAwMDAwMDAwMDAwfSwic2NoZW1hX3ZlcnNpb24iOiIxIn0=",
          "dependencies": [
            "module.vpc.aws_vpc.ale_vpc"
          ]
        }
      ]
    },
    {
      "module": "module.ec2-security_group",
      "mode": "managed",
      "type": "aws_security_group",
      "name": "security_group",
      "provider": "provider[\"registry.terraform.io/hashicorp/aws\"]",
      "instances": [
        {
          "schema_version": 1,
          "attributes": {
            "arn": "arn:aws:ec2:us-east-1:862989290375:security-group/sg-0724ddbee4c7b521a",
            "description": "Managed by Terraform",
            "egress": [
              {
                "cidr_blocks": [
                  "0.0.0.0/0"
                ],
                "description": "",
                "from_port": 0,
                "ipv6_cidr_blocks": [],
                "prefix_list_ids": [],
                "protocol": "-1",
                "security_groups": [],
                "self": false,
                "to_port": 0
              }
            ],
            "id": "sg-0724ddbee4c7b521a",
            "ingress": [
              {
                "cidr_blocks": [],
                "description": "All traffic on port 22",
                "from_port": 0,
                "ipv6_cidr_blocks": [],
                "prefix_list_ids": [],
                "protocol": "-1",
                "security_groups": [
                  "sg-0539c2344e5fdcd5f"
                ],
                "self": false,
                "to_port": 0
              }
            ],
            "name": "Aleidy-us-east-1-dev-ec2security",
            "name_prefix": "",
            "owner_id": "862989290375",
            "revoke_rules_on_delete": false,
            "tags": {
              "Deployment_Method": "terraform",
              "name": "Aleidy-us-east-1-dev-security_group"
            },
            "timeouts": null,
            "vpc_id": "vpc-062aad044e883696e"
          },
          "private": "eyJlMmJmYjczMC1lY2FhLTExZTYtOGY4OC0zNDM2M2JjN2M0YzAiOnsiY3JlYXRlIjo2MDAwMDAwMDAwMDAsImRlbGV0ZSI6NjAwMDAwMDAwMDAwfSwic2NoZW1hX3ZlcnNpb24iOiIxIn0=",
          "dependencies": [
            "module.load-balancer-security-group.aws_security_group.security_group",
            "module.vpc.aws_vpc.ale_vpc"
          ],
          "create_before_destroy": true
        }
      ]
    },
    {
      "module": "module.ecs-service-security-group",
      "mode": "managed",
      "type": "aws_security_group",
      "name": "security_group",
      "provider": "provider[\"registry.terraform.io/hashicorp/aws\"]",
      "instances": [
        {
          "schema_version": 1,
          "attributes": {
            "arn": "arn:aws:ec2:us-east-1:862989290375:security-group/sg-07ecf762947a65140",
            "description": "Managed by Terraform",
            "egress": [
              {
                "cidr_blocks": [
                  "0.0.0.0/0"
                ],
                "description": "",
                "from_port": 0,
                "ipv6_cidr_blocks": [],
                "prefix_list_ids": [],
                "protocol": "-1",
                "security_groups": [],
                "self": false,
                "to_port": 0
              }
            ],
            "id": "sg-07ecf762947a65140",
            "ingress": [
              {
                "cidr_blocks": [],
                "description": "Allow traffic from public instances.security_group",
                "from_port": 0,
                "ipv6_cidr_blocks": [],
                "prefix_list_ids": [],
                "protocol": "-1",
                "security_groups": [
                  "sg-0539c2344e5fdcd5f"
                ],
                "self": false,
                "to_port": 0
              }
            ],
            "name": "Aleidy-us-east-1-dev-ecsSecurity",
            "name_prefix": "",
            "owner_id": "862989290375",
            "revoke_rules_on_delete": false,
            "tags": {
              "Deployment_Method": "terraform",
              "name": "Aleidy-us-east-1-dev-security_group"
            },
            "timeouts": null,
            "vpc_id": "vpc-062aad044e883696e"
          },
          "private": "eyJlMmJmYjczMC1lY2FhLTExZTYtOGY4OC0zNDM2M2JjN2M0YzAiOnsiY3JlYXRlIjo2MDAwMDAwMDAwMDAsImRlbGV0ZSI6NjAwMDAwMDAwMDAwfSwic2NoZW1hX3ZlcnNpb24iOiIxIn0=",
          "dependencies": [
            "module.load-balancer-security-group.aws_security_group.security_group",
            "module.vpc.aws_vpc.ale_vpc"
          ]
        }
      ]
    },
    {
      "module": "module.ecs_module",
      "mode": "managed",
      "type": "aws_cloudwatch_log_group",
      "name": "log_group",
      "provider": "provider[\"registry.terraform.io/hashicorp/aws\"]",
      "instances": [
        {
          "schema_version": 0,
          "attributes": {
            "arn": "arn:aws:logs:us-east-1:862989290375:log-group:Aleidy-us-east-1-dev-logGroup",
            "id": "Aleidy-us-east-1-dev-logGroup",
            "kms_key_id": "",
            "name": "Aleidy-us-east-1-dev-logGroup",
            "name_prefix": null,
            "retention_in_days": 0,
            "tags": {}
          },
          "private": "bnVsbA=="
        }
      ]
    },
    {
      "module": "module.ecs_module",
      "mode": "managed",
      "type": "aws_ecs_cluster",
      "name": "foo",
      "provider": "provider[\"registry.terraform.io/hashicorp/aws\"]",
      "instances": []
    },
    {
      "module": "module.ecs_module",
      "mode": "managed",
      "type": "aws_ecs_service",
      "name": "example",
      "provider": "provider[\"registry.terraform.io/hashicorp/aws\"]",
      "instances": []
    },
    {
      "module": "module.ecs_module",
      "mode": "managed",
      "type": "aws_ecs_task_definition",
      "name": "service",
      "provider": "provider[\"registry.terraform.io/hashicorp/aws\"]",
      "instances": [
        {
          "schema_version": 1,
          "attributes": {
            "arn": "arn:aws:ecs:us-east-1:862989290375:task-definition/service:32",
            "container_definitions": "[{\"cpu\":0,\"environment\":[],\"essential\":true,\"image\":\"862989290375.dkr.ecr.us-east-1.amazonaws.com/s3mount:latest\",\"logConfiguration\":{\"logDriver\":\"awslogs\",\"options\":{\"awslogs-group\":\"Aleidy-us-east-1-dev-logGroup\",\"awslogs-region\":\"us-east-1\"}},\"memory\":756,\"mountPoints\":[],\"name\":\"Aleidy\",\"portMappings\":[{\"containerPort\":8080,\"hostPort\":8080,\"protocol\":\"tcp\"}],\"volumesFrom\":[]}]",
            "cpu": "",
            "execution_role_arn": "arn:aws:iam::862989290375:role/Aleidy-us-east-1-dev-taskExRole",
            "family": "service",
            "id": "service",
            "inference_accelerator": [],
            "ipc_mode": "",
            "memory": "",
            "network_mode": "awsvpc",
            "pid_mode": "",
            "placement_constraints": [],
            "proxy_configuration": [],
            "requires_compatibilities": [],
            "revision": 32,
            "tags": {},
            "task_role_arn": "arn:aws:iam::862989290375:role/Aleidy-us-east-1-dev-taskrole",
            "volume": []
          },
          "private": "eyJzY2hlbWFfdmVyc2lvbiI6IjEifQ==",
          "dependencies": [
            "module.ecs_module.aws_cloudwatch_log_group.log_group",
            "module.ecs_module.aws_iam_role.task_execution_role",
            "module.ecs_module.aws_iam_role.task_role"
          ]
        }
      ]
    },
    {
      "module": "module.ecs_module",
      "mode": "managed",
      "type": "aws_iam_instance_profile",
      "name": "test_profile",
      "provider": "provider[\"registry.terraform.io/hashicorp/aws\"]",
      "instances": [
        {
          "schema_version": 0,
          "attributes": {
            "arn": "arn:aws:iam::862989290375:instance-profile/Aleidy-us-east-1-dev-instancePro",
            "create_date": "2021-01-06T21:33:20Z",
            "id": "Aleidy-us-east-1-dev-instancePro",
            "name": "Aleidy-us-east-1-dev-instancePro",
            "name_prefix": null,
            "path": "/",
            "role": "Aleidy-us-east-1-dev-ec2_role",
            "unique_id": "AIPA4R3RLRODSEQ6WQACN"
          },
          "private": "bnVsbA==",
          "dependencies": [
            "module.ecs_module.aws_iam_role.ec2-role"
          ],
          "create_before_destroy": true
        }
      ]
    },
    {
      "module": "module.ecs_module",
      "mode": "managed",
      "type": "aws_iam_policy",
      "name": "ec2_policy",
      "provider": "provider[\"registry.terraform.io/hashicorp/aws\"]",
      "instances": [
        {
          "schema_version": 0,
          "attributes": {
            "arn": "arn:aws:iam::862989290375:policy/Aleidy-us-east-1-dev-ec2Policy",
            "description": "",
            "id": "arn:aws:iam::862989290375:policy/Aleidy-us-east-1-dev-ec2Policy",
            "name": "Aleidy-us-east-1-dev-ec2Policy",
            "name_prefix": null,
            "path": "/",
            "policy": "{\n  \"Version\": \"2012-10-17\",\n  \"Statement\": [\n    {\n      \"Effect\": \"Allow\",\n      \"Action\": [\n        \"ec2:DescribeTags\",\n        \"ecs:CreateCluster\",\n        \"ecs:DeregisterContainerInstance\",\n        \"ecs:DiscoverPollEndpoint\",\n        \"ecs:Poll\",\n        \"ecs:RegisterContainerInstance\",\n        \"ecs:StartTelemetrySession\",\n        \"ecs:UpdateContainerInstancesState\",\n        \"ecs:Submit*\",\n        \"ecr:GetAuthorizationToken\",\n        \"ecr:BatchCheckLayerAvailability\",\n        \"ecr:GetDownloadUrlForLayer\",\n        \"ecr:GetRepositoryPolicy\",\n        \"ecr:DescribeRepositories\",\n        \"ecr:ListImages\",\n        \"ecr:DescribeImages\",\n        \"ecr:BatchGetImage\",\n        \"ecr:GetLifecyclePolicy\",\n        \"ecr:GetLifecyclePolicyPreview\",\n        \"ecr:ListTagsForResource\",\n        \"ecr:DescribeImageScanFindings\",\n        \"ecr:CompleteLayerUpload\",\n        \"logs:CreateLogStream\",\n        \"logs:PutLogEvents\"\n      ],\n      \"Resource\": \"*\"\n    }\n  ]\n}\n"
          },
          "private": "bnVsbA=="
        }
      ]
    },
    {
      "module": "module.ecs_module",
      "mode": "managed",
      "type": "aws_iam_policy",
      "name": "task_execution_policy",
      "provider": "provider[\"registry.terraform.io/hashicorp/aws\"]",
      "instances": [
        {
          "schema_version": 0,
          "attributes": {
            "arn": "arn:aws:iam::862989290375:policy/Aleidy-us-east-1-dev-taskExPol",
            "description": "My test policy",
            "id": "arn:aws:iam::862989290375:policy/Aleidy-us-east-1-dev-taskExPol",
            "name": "Aleidy-us-east-1-dev-taskExPol",
            "name_prefix": null,
            "path": "/",
            "policy": "{\n  \"Version\": \"2012-10-17\",\n  \"Statement\": [\n    {\n      \"Effect\": \"Allow\",\n      \"Action\": [\n        \"logs:CreateLogStream\",\n        \"logs:PutLogEvents\",\n        \"logs:CreateLogGroup\",\n        \"ecr:GetAuthorizationToken\",\n        \"ecr:BatchCheckLayerAvailability\",\n        \"ecr:GetDownloadUrlForLayer\",\n        \"ecr:GetRepositoryPolicy\",\n        \"ecr:DescribeRepositories\",\n        \"ecr:ListImages\",\n        \"ecr:DescribeImages\",\n        \"ecr:BatchGetImage\",\n        \"ecr:GetLifecyclePolicy\",\n        \"ecr:GetLifecyclePolicyPreview\",\n        \"ecr:ListTagsForResource\",\n        \"ecr:DescribeImageScanFindings\",\n        \"ecr:GetAuthorizationToken\"\n      ],\n      \"Resource\": \"*\"\n    }\n  ]\n}\n"
          },
          "private": "bnVsbA=="
        }
      ]
    },
    {
      "module": "module.ecs_module",
      "mode": "managed",
      "type": "aws_iam_policy",
      "name": "task_policy",
      "provider": "provider[\"registry.terraform.io/hashicorp/aws\"]",
      "instances": [
        {
          "schema_version": 0,
          "attributes": {
            "arn": "arn:aws:iam::862989290375:policy/Aleidy-us-east-1-dev-taskPolicy",
            "description": "",
            "id": "arn:aws:iam::862989290375:policy/Aleidy-us-east-1-dev-taskPolicy",
            "name": "Aleidy-us-east-1-dev-taskPolicy",
            "name_prefix": null,
            "path": "/",
            "policy": "{\n  \"Version\": \"2012-10-17\",\n  \"Statement\": [\n    {\n      \"Action\": [\n        \"logs:*\"\n      ],\n      \"Effect\": \"Allow\",\n      \"Resource\": \"*\"\n    }\n  ]\n}\n"
          },
          "private": "bnVsbA=="
        }
      ]
    },
    {
      "module": "module.ecs_module",
      "mode": "managed",
      "type": "aws_iam_policy_attachment",
      "name": "ec2_rp_attach",
      "provider": "provider[\"registry.terraform.io/hashicorp/aws\"]",
      "instances": [
        {
          "schema_version": 0,
          "attributes": {
            "groups": [],
            "id": "Aleidy-us-east-1-dev-iamPolicy",
            "name": "Aleidy-us-east-1-dev-iamPolicy",
            "policy_arn": "arn:aws:iam::862989290375:policy/Aleidy-us-east-1-dev-ec2Policy",
            "roles": [
              "Aleidy-us-east-1-dev-ec2_role"
            ],
            "users": []
          },
          "private": "bnVsbA==",
          "dependencies": [
            "module.ecs_module.aws_iam_policy.ec2_policy",
            "module.ecs_module.aws_iam_role.ec2-role"
          ]
        }
      ]
    },
    {
      "module": "module.ecs_module",
      "mode": "managed",
      "type": "aws_iam_policy_attachment",
      "name": "task_execution_rp_attached",
      "provider": "provider[\"registry.terraform.io/hashicorp/aws\"]",
      "instances": [
        {
          "schema_version": 0,
          "attributes": {
            "groups": [],
            "id": "Aleidy-us-east-1-dev-policyAttac",
            "name": "Aleidy-us-east-1-dev-policyAttac",
            "policy_arn": "arn:aws:iam::862989290375:policy/Aleidy-us-east-1-dev-taskExPol",
            "roles": [
              "Aleidy-us-east-1-dev-taskExRole"
            ],
            "users": []
          },
          "private": "bnVsbA==",
          "dependencies": [
            "module.ecs_module.aws_iam_policy.task_execution_policy",
            "module.ecs_module.aws_iam_role.task_execution_role"
          ]
        }
      ]
    },
    {
      "module": "module.ecs_module",
      "mode": "managed",
      "type": "aws_iam_policy_attachment",
      "name": "test-attach",
      "provider": "provider[\"registry.terraform.io/hashicorp/aws\"]",
      "instances": [
        {
          "schema_version": 0,
          "attributes": {
            "groups": [],
            "id": "Aleidy-us-east-1-dev-policyAttac",
            "name": "Aleidy-us-east-1-dev-policyAttac",
            "policy_arn": "arn:aws:iam::862989290375:policy/Aleidy-us-east-1-dev-taskPolicy",
            "roles": [
              "Aleidy-us-east-1-dev-taskrole"
            ],
            "users": []
          },
          "private": "bnVsbA==",
          "dependencies": [
            "module.ecs_module.aws_iam_policy.task_policy",
            "module.ecs_module.aws_iam_role.task_role"
          ]
        }
      ]
    },
    {
      "module": "module.ecs_module",
      "mode": "managed",
      "type": "aws_iam_role",
      "name": "ec2-role",
      "provider": "provider[\"registry.terraform.io/hashicorp/aws\"]",
      "instances": [
        {
          "schema_version": 0,
          "attributes": {
            "arn": "arn:aws:iam::862989290375:role/Aleidy-us-east-1-dev-ec2_role",
            "assume_role_policy": "{\"Version\":\"2012-10-17\",\"Statement\":[{\"Sid\":\"\",\"Effect\":\"Allow\",\"Principal\":{\"Service\":\"ec2.amazonaws.com\"},\"Action\":\"sts:AssumeRole\"}]}",
            "create_date": "2021-01-06T21:33:20Z",
            "description": "",
            "force_detach_policies": false,
            "id": "Aleidy-us-east-1-dev-ec2_role",
            "max_session_duration": 3600,
            "name": "Aleidy-us-east-1-dev-ec2_role",
            "name_prefix": null,
            "path": "/",
            "permissions_boundary": null,
            "tags": {},
            "unique_id": "AROA4R3RLROD7OM5WG6YR"
          },
          "private": "bnVsbA==",
          "create_before_destroy": true
        }
      ]
    },
    {
      "module": "module.ecs_module",
      "mode": "managed",
      "type": "aws_iam_role",
      "name": "task_execution_role",
      "provider": "provider[\"registry.terraform.io/hashicorp/aws\"]",
      "instances": [
        {
          "schema_version": 0,
          "attributes": {
            "arn": "arn:aws:iam::862989290375:role/Aleidy-us-east-1-dev-taskExRole",
            "assume_role_policy": "{\"Version\":\"2012-10-17\",\"Statement\":[{\"Sid\":\"\",\"Effect\":\"Allow\",\"Principal\":{\"Service\":\"ecs-tasks.amazonaws.com\"},\"Action\":\"sts:AssumeRole\"}]}",
            "create_date": "2021-01-06T21:33:20Z",
            "description": "",
            "force_detach_policies": false,
            "id": "Aleidy-us-east-1-dev-taskExRole",
            "max_session_duration": 3600,
            "name": "Aleidy-us-east-1-dev-taskExRole",
            "name_prefix": null,
            "path": "/",
            "permissions_boundary": null,
            "tags": {},
            "unique_id": "AROA4R3RLROD3XWKAK4UJ"
          },
          "private": "bnVsbA=="
        }
      ]
    },
    {
      "module": "module.ecs_module",
      "mode": "managed",
      "type": "aws_iam_role",
      "name": "task_role",
      "provider": "provider[\"registry.terraform.io/hashicorp/aws\"]",
      "instances": [
        {
          "schema_version": 0,
          "attributes": {
            "arn": "arn:aws:iam::862989290375:role/Aleidy-us-east-1-dev-taskrole",
            "assume_role_policy": "{\"Version\":\"2012-10-17\",\"Statement\":[{\"Sid\":\"\",\"Effect\":\"Allow\",\"Principal\":{\"Service\":\"ecs-tasks.amazonaws.com\"},\"Action\":\"sts:AssumeRole\"}]}",
            "create_date": "2021-01-06T21:33:20Z",
            "description": "",
            "force_detach_policies": false,
            "id": "Aleidy-us-east-1-dev-taskrole",
            "max_session_duration": 3600,
            "name": "Aleidy-us-east-1-dev-taskrole",
            "name_prefix": null,
            "path": "/",
            "permissions_boundary": null,
            "tags": {},
            "unique_id": "AROA4R3RLRODQKMC5FRRZ"
          },
          "private": "bnVsbA=="
        }
      ]
    },
    {
      "module": "module.ecs_module",
      "mode": "managed",
      "type": "aws_launch_configuration",
      "name": "as_conf",
      "provider": "provider[\"registry.terraform.io/hashicorp/aws\"]",
      "instances": [
        {
          "schema_version": 0,
          "attributes": {
            "arn": "arn:aws:autoscaling:us-east-1:862989290375:launchConfiguration:8a1ac551-141f-45fb-b148-dea6543f0d25:launchConfigurationName/Aleidy-us-east-1-dev-launchConfi20210108015752821600000001",
            "associate_public_ip_address": true,
            "ebs_block_device": [],
            "ebs_optimized": false,
            "enable_monitoring": true,
            "ephemeral_block_device": [],
            "iam_instance_profile": "arn:aws:iam::862989290375:instance-profile/Aleidy-us-east-1-dev-instancePro",
            "id": "Aleidy-us-east-1-dev-launchConfi20210108015752821600000001",
            "image_id": "ami-0128839b21d19300e",
            "instance_type": "t2.micro",
            "key_name": "ale-us-east-1",
            "name": "Aleidy-us-east-1-dev-launchConfi20210108015752821600000001",
            "name_prefix": "Aleidy-us-east-1-dev-launchConfi",
            "placement_tenancy": null,
            "root_block_device": [],
            "security_groups": [
              "sg-0724ddbee4c7b521a"
            ],
            "spot_price": "",
            "user_data": "7e66eff907b95bd3fcceacdf9a96a68fb150b5d9",
            "user_data_base64": null,
            "vpc_classic_link_id": "",
            "vpc_classic_link_security_groups": []
          },
          "private": "bnVsbA==",
          "dependencies": [
            "module.ec2-security_group.aws_security_group.security_group",
            "module.ecs_module.aws_iam_instance_profile.test_profile"
          ],
          "create_before_destroy": true
        }
      ]
    },
    {
      "module": "module.load-balancer-security-group",
      "mode": "managed",
      "type": "aws_security_group",
      "name": "security_group",
      "provider": "provider[\"registry.terraform.io/hashicorp/aws\"]",
      "instances": [
        {
          "schema_version": 1,
          "attributes": {
            "arn": "arn:aws:ec2:us-east-1:862989290375:security-group/sg-0539c2344e5fdcd5f",
            "description": "Managed by Terraform",
            "egress": [
              {
                "cidr_blocks": [
                  "0.0.0.0/0"
                ],
                "description": "",
                "from_port": 0,
                "ipv6_cidr_blocks": [],
                "prefix_list_ids": [],
                "protocol": "-1",
                "security_groups": [],
                "self": false,
                "to_port": 0
              }
            ],
            "id": "sg-0539c2344e5fdcd5f",
            "ingress": [
              {
                "cidr_blocks": [
                  "0.0.0.0/0"
                ],
                "description": "Allow traffic from public instances.security_group",
                "from_port": 443,
                "ipv6_cidr_blocks": [],
                "prefix_list_ids": [],
                "protocol": "tcp",
                "security_groups": [],
                "self": false,
                "to_port": 443
              },
              {
                "cidr_blocks": [
                  "0.0.0.0/0"
                ],
                "description": "Allow traffic from public instances.security_group",
                "from_port": 80,
                "ipv6_cidr_blocks": [],
                "prefix_list_ids": [],
                "protocol": "tcp",
                "security_groups": [],
                "self": false,
                "to_port": 80
              }
            ],
            "name": "Aleidy-us-east-1-dev-securityGro",
            "name_prefix": "",
            "owner_id": "862989290375",
            "revoke_rules_on_delete": false,
            "tags": {
              "Deployment_Method": "terraform",
              "name": "Aleidy-us-east-1-dev-security_group"
            },
            "timeouts": null,
            "vpc_id": "vpc-062aad044e883696e"
          },
          "private": "eyJlMmJmYjczMC1lY2FhLTExZTYtOGY4OC0zNDM2M2JjN2M0YzAiOnsiY3JlYXRlIjo2MDAwMDAwMDAwMDAsImRlbGV0ZSI6NjAwMDAwMDAwMDAwfSwic2NoZW1hX3ZlcnNpb24iOiIxIn0=",
          "dependencies": [
            "module.vpc.aws_vpc.ale_vpc"
          ],
          "create_before_destroy": true
        }
      ]
    },
    {
      "module": "module.load_balancer",
      "mode": "managed",
      "type": "aws_lb",
      "name": "ALB",
      "provider": "provider[\"registry.terraform.io/hashicorp/aws\"]",
      "instances": [
        {
          "schema_version": 0,
          "attributes": {
            "access_logs": [
              {
                "bucket": "",
                "enabled": false,
                "prefix": ""
              }
            ],
            "arn": "arn:aws:elasticloadbalancing:us-east-1:862989290375:loadbalancer/app/Aleidy-us-east-1-dev-loadbalance/4a799f91dcf0baa2",
            "arn_suffix": "app/Aleidy-us-east-1-dev-loadbalance/4a799f91dcf0baa2",
            "customer_owned_ipv4_pool": "",
            "dns_name": "Aleidy-us-east-1-dev-loadbalance-1351280189.us-east-1.elb.amazonaws.com",
            "drop_invalid_header_fields": false,
            "enable_cross_zone_load_balancing": null,
            "enable_deletion_protection": false,
            "enable_http2": true,
            "id": "arn:aws:elasticloadbalancing:us-east-1:862989290375:loadbalancer/app/Aleidy-us-east-1-dev-loadbalance/4a799f91dcf0baa2",
            "idle_timeout": 60,
            "internal": false,
            "ip_address_type": "ipv4",
            "load_balancer_type": "application",
            "name": "Aleidy-us-east-1-dev-loadbalance",
            "name_prefix": null,
            "security_groups": [
              "sg-0539c2344e5fdcd5f"
            ],
            "subnet_mapping": [
              {
                "allocation_id": "",
                "outpost_id": "",
                "private_ipv4_address": "",
                "subnet_id": "subnet-039065fe682436f48"
              },
              {
                "allocation_id": "",
                "outpost_id": "",
                "private_ipv4_address": "",
                "subnet_id": "subnet-0520edbe8c42d9444"
              },
              {
                "allocation_id": "",
                "outpost_id": "",
                "private_ipv4_address": "",
                "subnet_id": "subnet-0ffed411294b85131"
              }
            ],
            "subnets": [
              "subnet-039065fe682436f48",
              "subnet-0520edbe8c42d9444",
              "subnet-0ffed411294b85131"
            ],
            "tags": {
              "Deployment_Method": "terraform",
              "name": "Aleidy-us-east-1-dev-loadbalancer"
            },
            "timeouts": null,
            "vpc_id": "vpc-062aad044e883696e",
            "zone_id": "Z35SXDOTRQ7X7K"
          },
          "private": "eyJlMmJmYjczMC1lY2FhLTExZTYtOGY4OC0zNDM2M2JjN2M0YzAiOnsiY3JlYXRlIjo2MDAwMDAwMDAwMDAsImRlbGV0ZSI6NjAwMDAwMDAwMDAwLCJ1cGRhdGUiOjYwMDAwMDAwMDAwMH19",
          "dependencies": [
            "module.load-balancer-security-group.aws_security_group.security_group",
            "module.vpc.aws_subnet.public-1",
            "module.vpc.aws_subnet.public-2",
            "module.vpc.aws_subnet.public-3"
          ]
        }
      ]
    },
    {
      "module": "module.load_balancer",
      "mode": "managed",
      "type": "aws_lb_listener",
      "name": "port-80-traffic",
      "provider": "provider[\"registry.terraform.io/hashicorp/aws\"]",
      "instances": [
        {
          "schema_version": 0,
          "attributes": {
            "arn": "arn:aws:elasticloadbalancing:us-east-1:862989290375:listener/app/Aleidy-us-east-1-dev-loadbalance/4a799f91dcf0baa2/b4949ac9cb838fcd",
            "certificate_arn": null,
            "default_action": [
              {
                "authenticate_cognito": [],
                "authenticate_oidc": [],
                "fixed_response": [],
                "forward": [],
                "order": 1,
                "redirect": [],
                "target_group_arn": "arn:aws:elasticloadbalancing:us-east-1:862989290375:targetgroup/Aleidy-us-east-1-dev-targetGroup/64d94c72d12db6dc",
                "type": "forward"
              }
            ],
            "id": "arn:aws:elasticloadbalancing:us-east-1:862989290375:listener/app/Aleidy-us-east-1-dev-loadbalance/4a799f91dcf0baa2/b4949ac9cb838fcd",
            "load_balancer_arn": "arn:aws:elasticloadbalancing:us-east-1:862989290375:loadbalancer/app/Aleidy-us-east-1-dev-loadbalance/4a799f91dcf0baa2",
            "port": 80,
            "protocol": "HTTP",
            "ssl_policy": "",
            "timeouts": null
          },
          "private": "eyJlMmJmYjczMC1lY2FhLTExZTYtOGY4OC0zNDM2M2JjN2M0YzAiOnsicmVhZCI6NjAwMDAwMDAwMDAwfX0=",
          "dependencies": [
            "module.load-balancer-security-group.aws_security_group.security_group",
            "module.load_balancer.aws_lb.ALB",
            "module.target_group.aws_lb_target_group.My_lb_Ale",
            "module.vpc.aws_subnet.public-1",
            "module.vpc.aws_subnet.public-2",
            "module.vpc.aws_subnet.public-3"
          ]
        }
      ]
    },
    {
      "module": "module.load_balancer",
      "mode": "managed",
      "type": "aws_lb_listener_rule",
      "name": "port-80-rule",
      "provider": "provider[\"registry.terraform.io/hashicorp/aws\"]",
      "instances": [
        {
          "schema_version": 0,
          "attributes": {
            "action": [
              {
                "authenticate_cognito": [],
                "authenticate_oidc": [],
                "fixed_response": [],
                "forward": [],
                "order": 1,
                "redirect": [],
                "target_group_arn": "arn:aws:elasticloadbalancing:us-east-1:862989290375:targetgroup/Aleidy-us-east-1-dev-targetGroup/64d94c72d12db6dc",
                "type": "forward"
              }
            ],
            "arn": "arn:aws:elasticloadbalancing:us-east-1:862989290375:listener-rule/app/Aleidy-us-east-1-dev-loadbalance/4a799f91dcf0baa2/b4949ac9cb838fcd/28af8faf6cf2ea8e",
            "condition": [
              {
                "host_header": [
                  {
                    "values": [
                      "test1.aleidy.kiastests.com"
                    ]
                  }
                ],
                "http_header": [],
                "http_request_method": [],
                "path_pattern": [],
                "query_string": [],
                "source_ip": []
              }
            ],
            "id": "arn:aws:elasticloadbalancing:us-east-1:862989290375:listener-rule/app/Aleidy-us-east-1-dev-loadbalance/4a799f91dcf0baa2/b4949ac9cb838fcd/28af8faf6cf2ea8e",
            "listener_arn": "arn:aws:elasticloadbalancing:us-east-1:862989290375:listener/app/Aleidy-us-east-1-dev-loadbalance/4a799f91dcf0baa2/b4949ac9cb838fcd",
            "priority": 99
          },
          "private": "bnVsbA==",
          "dependencies": [
            "module.load-balancer-security-group.aws_security_group.security_group",
            "module.load_balancer.aws_lb.ALB",
            "module.load_balancer.aws_lb_listener.port-80-traffic",
            "module.target_group.aws_lb_target_group.My_lb_Ale",
            "module.vpc.aws_subnet.public-1",
            "module.vpc.aws_subnet.public-2",
            "module.vpc.aws_subnet.public-3"
          ]
        }
      ]
    },
    {
      "module": "module.rds",
      "mode": "managed",
      "type": "aws_db_parameter_group",
      "name": "group",
      "provider": "provider[\"registry.terraform.io/hashicorp/aws\"]",
      "instances": [
        {
          "schema_version": 0,
          "attributes": {
            "arn": "arn:aws:rds:us-east-1:862989290375:pg:aleidy-dev-aleidys-cluster-pg",
            "description": "Managed by Terraform",
            "family": "aurora-mysql5.7",
            "id": "aleidy-dev-aleidys-cluster-pg",
            "name": "aleidy-dev-aleidys-cluster-pg",
            "name_prefix": null,
            "parameter": [
              {
                "apply_method": "immediate",
                "name": "max_connections",
                "value": "2000"
              }
            ],
            "tags": {}
          },
          "private": "bnVsbA=="
        }
      ]
    },
    {
      "module": "module.rds",
      "mode": "managed",
      "type": "aws_db_subnet_group",
      "name": "default",
      "provider": "provider[\"registry.terraform.io/hashicorp/aws\"]",
      "instances": [
        {
          "schema_version": 0,
          "attributes": {
            "arn": "arn:aws:rds:us-east-1:862989290375:subgrp:aleidy-us-east-1-dev-db_subnet_g",
            "description": "Managed by Terraform",
            "id": "aleidy-us-east-1-dev-db_subnet_g",
            "name": "aleidy-us-east-1-dev-db_subnet_g",
            "name_prefix": null,
            "subnet_ids": [
              "subnet-002b03232f00c3ace",
              "subnet-04746d9359295588e",
              "subnet-0512debda61bd6766"
            ],
            "tags": {
              "Name": "aleidy-us-east-1-dev-db_subnet_group"
            }
          },
          "private": "bnVsbA==",
          "dependencies": [
            "module.vpc.aws_subnet.private_1",
            "module.vpc.aws_subnet.private_2",
            "module.vpc.aws_subnet.private_3"
          ]
        }
      ]
    },
    {
      "module": "module.rds",
      "mode": "managed",
      "type": "aws_rds_cluster",
      "name": "default",
      "provider": "provider[\"registry.terraform.io/hashicorp/aws\"]",
      "instances": [
        {
          "schema_version": 0,
          "attributes": {
            "allow_major_version_upgrade": null,
            "apply_immediately": null,
            "arn": "arn:aws:rds:us-east-1:862989290375:cluster:aleidy-us-east-1-dev-rdscluster",
            "availability_zones": [
              "us-east-1a",
              "us-east-1b"
            ],
            "backtrack_window": 0,
            "backup_retention_period": 5,
            "cluster_identifier": "aleidy-us-east-1-dev-rdscluster",
            "cluster_identifier_prefix": null,
            "cluster_members": [],
            "cluster_resource_id": "cluster-NAJ27CTKQYP66PEOSAYTSDXD2A",
            "copy_tags_to_snapshot": false,
            "database_name": "mydb",
            "db_cluster_parameter_group_name": "aleidy-dev-aleidys-cluster-pg",
            "db_subnet_group_name": "aleidy-us-east-1-dev-db_subnet_g",
            "deletion_protection": false,
            "enable_http_endpoint": false,
            "enabled_cloudwatch_logs_exports": null,
            "endpoint": "aleidy-us-east-1-dev-rdscluster.cluster-c7covtqudnud.us-east-1.rds.amazonaws.com",
            "engine": "aurora-mysql",
            "engine_mode": "provisioned",
            "engine_version": "5.7.mysql_aurora.2.07.2",
            "final_snapshot_identifier": "aleidy-dev-aleidys-cluster-final",
            "global_cluster_identifier": "",
            "hosted_zone_id": "Z2R2ITUGPM61AM",
            "iam_database_authentication_enabled": false,
            "iam_roles": null,
            "id": "aleidy-us-east-1-dev-rdscluster",
            "kms_key_id": "",
            "master_password": "barbut8chars",
            "master_username": "foo",
            "port": 3306,
            "preferred_backup_window": "08:29-08:59",
            "preferred_maintenance_window": "mon:05:40-mon:06:10",
            "reader_endpoint": "aleidy-us-east-1-dev-rdscluster.cluster-ro-c7covtqudnud.us-east-1.rds.amazonaws.com",
            "replication_source_identifier": "",
            "restore_to_point_in_time": [],
            "s3_import": [],
            "scaling_configuration": [],
            "skip_final_snapshot": true,
            "snapshot_identifier": null,
            "source_region": null,
            "storage_encrypted": false,
            "tags": null,
            "timeouts": null,
            "vpc_security_group_ids": [
              "sg-0e6ff2e8a073a73db"
            ]
          },
          "private": "eyJlMmJmYjczMC1lY2FhLTExZTYtOGY4OC0zNDM2M2JjN2M0YzAiOnsiY3JlYXRlIjo3MjAwMDAwMDAwMDAwLCJkZWxldGUiOjcyMDAwMDAwMDAwMDAsInVwZGF0ZSI6NzIwMDAwMDAwMDAwMH19",
          "dependencies": [
            "module.db-security_group.aws_security_group.security_group",
            "module.rds.aws_db_subnet_group.default",
            "module.rds.aws_rds_cluster_parameter_group.group"
          ]
        }
      ]
    },
    {
      "module": "module.rds",
      "mode": "managed",
      "type": "aws_rds_cluster_instance",
      "name": "cluster_instances",
      "provider": "provider[\"registry.terraform.io/hashicorp/aws\"]",
      "instances": [
        {
          "index_key": 0,
          "schema_version": 0,
          "attributes": {
            "apply_immediately": null,
            "arn": "arn:aws:rds:us-east-1:862989290375:db:aleidy-dev-aleidys-cluster-0",
            "auto_minor_version_upgrade": true,
            "availability_zone": "us-east-1a",
            "ca_cert_identifier": "rds-ca-2019",
            "cluster_identifier": "aleidy-us-east-1-dev-rdscluster",
            "copy_tags_to_snapshot": false,
            "db_parameter_group_name": "aleidy-dev-aleidys-cluster-pg",
            "db_subnet_group_name": "aleidy-us-east-1-dev-db_subnet_g",
            "dbi_resource_id": "db-PQKSOEEX5RZSDT5DMKHN6742PU",
            "endpoint": "aleidy-dev-aleidys-cluster-0.c7covtqudnud.us-east-1.rds.amazonaws.com",
            "engine": "aurora-mysql",
            "engine_version": "5.7.mysql_aurora.2.07.2",
            "id": "aleidy-dev-aleidys-cluster-0",
            "identifier": "aleidy-dev-aleidys-cluster-0",
            "identifier_prefix": null,
            "instance_class": "db.t3.small",
            "kms_key_id": "",
            "monitoring_interval": 0,
            "monitoring_role_arn": "",
            "performance_insights_enabled": false,
            "performance_insights_kms_key_id": "",
            "port": 3306,
            "preferred_backup_window": "08:29-08:59",
            "preferred_maintenance_window": "sun:06:51-sun:07:21",
            "promotion_tier": 0,
            "publicly_accessible": false,
            "storage_encrypted": false,
            "tags": null,
            "timeouts": null,
            "writer": true
          },
          "private": "eyJlMmJmYjczMC1lY2FhLTExZTYtOGY4OC0zNDM2M2JjN2M0YzAiOnsiY3JlYXRlIjo1NDAwMDAwMDAwMDAwLCJkZWxldGUiOjU0MDAwMDAwMDAwMDAsInVwZGF0ZSI6NTQwMDAwMDAwMDAwMH19",
          "dependencies": [
            "module.db-security_group.aws_security_group.security_group",
            "module.rds.aws_db_parameter_group.group",
            "module.rds.aws_db_subnet_group.default",
            "module.rds.aws_rds_cluster.default",
            "module.rds.aws_rds_cluster_parameter_group.group"
          ]
        }
      ]
    },
    {
      "module": "module.rds",
      "mode": "managed",
      "type": "aws_rds_cluster_parameter_group",
      "name": "group",
      "provider": "provider[\"registry.terraform.io/hashicorp/aws\"]",
      "instances": [
        {
          "schema_version": 0,
          "attributes": {
            "arn": "arn:aws:rds:us-east-1:862989290375:cluster-pg:aleidy-dev-aleidys-cluster-pg",
            "description": "Managed by Terraform",
            "family": "aurora-mysql5.7",
            "id": "aleidy-dev-aleidys-cluster-pg",
            "name": "aleidy-dev-aleidys-cluster-pg",
            "name_prefix": null,
            "parameter": [
              {
                "apply_method": "immediate",
                "name": "max_connections",
                "value": "2000"
              }
            ],
            "tags": {}
          },
          "private": "bnVsbA=="
        }
      ]
    },
    {
      "module": "module.route53",
      "mode": "data",
      "type": "aws_elb_hosted_zone_id",
      "name": "ALB",
      "provider": "provider[\"registry.terraform.io/hashicorp/aws\"]",
      "instances": [
        {
          "schema_version": 0,
          "attributes": {
            "id": "Z35SXDOTRQ7X7K",
            "region": null
          }
        }
      ]
    },
    {
      "module": "module.route53",
      "mode": "managed",
      "type": "aws_route53_record",
      "name": "record",
      "provider": "provider[\"registry.terraform.io/hashicorp/aws\"]",
      "instances": [
        {
          "schema_version": 2,
          "attributes": {
            "alias": [
              {
                "evaluate_target_health": false,
                "name": "aleidy-us-east-1-dev-loadbalance-1351280189.us-east-1.elb.amazonaws.com",
                "zone_id": "Z35SXDOTRQ7X7K"
              }
            ],
            "allow_overwrite": null,
            "failover_routing_policy": [],
            "fqdn": "test2.aleidy.kiastests.com",
            "geolocation_routing_policy": [],
            "health_check_id": "",
            "id": "Z01146212F8P0X6ZMXFNW_test2_A",
            "latency_routing_policy": [],
            "multivalue_answer_routing_policy": null,
            "name": "test2",
            "records": [],
            "set_identifier": "",
            "ttl": 0,
            "type": "A",
            "weighted_routing_policy": [],
            "zone_id": "Z01146212F8P0X6ZMXFNW"
          },
          "private": "eyJzY2hlbWFfdmVyc2lvbiI6IjIifQ==",
          "dependencies": [
            "module.load-balancer-security-group.aws_security_group.security_group",
            "module.load_balancer.aws_lb.ALB",
            "module.route53.data.aws_elb_hosted_zone_id.ALB",
            "module.vpc.aws_subnet.public-1",
            "module.vpc.aws_subnet.public-2",
            "module.vpc.aws_subnet.public-3"
          ]
        }
      ]
    },
    {
      "module": "module.target_group",
      "mode": "managed",
      "type": "aws_lb_target_group",
      "name": "My_lb_Ale",
      "provider": "provider[\"registry.terraform.io/hashicorp/aws\"]",
      "instances": [
        {
          "schema_version": 0,
          "attributes": {
            "arn": "arn:aws:elasticloadbalancing:us-east-1:862989290375:targetgroup/Aleidy-us-east-1-dev-targetGroup/64d94c72d12db6dc",
            "arn_suffix": "targetgroup/Aleidy-us-east-1-dev-targetGroup/64d94c72d12db6dc",
            "deregistration_delay": 300,
            "health_check": [
              {
                "enabled": true,
                "healthy_threshold": 2,
                "interval": 31,
                "matcher": "200-304",
                "path": "/",
                "port": "traffic-port",
                "protocol": "HTTP",
                "timeout": 30,
                "unhealthy_threshold": 3
              }
            ],
            "id": "arn:aws:elasticloadbalancing:us-east-1:862989290375:targetgroup/Aleidy-us-east-1-dev-targetGroup/64d94c72d12db6dc",
            "lambda_multi_value_headers_enabled": false,
            "load_balancing_algorithm_type": "round_robin",
            "name": "Aleidy-us-east-1-dev-targetGroup",
            "name_prefix": null,
            "port": 8080,
            "protocol": "HTTP",
            "proxy_protocol_v2": false,
            "slow_start": 0,
            "stickiness": [
              {
                "cookie_duration": 86400,
                "enabled": false,
                "type": "lb_cookie"
              }
            ],
            "tags": {},
            "target_type": "ip",
            "vpc_id": "vpc-062aad044e883696e"
          },
          "private": "bnVsbA==",
          "dependencies": [
            "module.load-balancer-security-group.aws_security_group.security_group",
            "module.load_balancer.aws_lb.ALB",
            "module.vpc.aws_subnet.public-1",
            "module.vpc.aws_subnet.public-2",
            "module.vpc.aws_subnet.public-3",
            "module.vpc.aws_vpc.ale_vpc"
          ]
        }
      ]
    },
    {
      "module": "module.vpc",
      "mode": "managed",
      "type": "aws_eip",
      "name": "nat",
      "provider": "provider[\"registry.terraform.io/hashicorp/aws\"]",
      "instances": [
        {
          "schema_version": 0,
          "attributes": {
            "allocation_id": null,
            "associate_with_private_ip": null,
            "association_id": "eipassoc-025a1df4073d48ae2",
            "customer_owned_ip": "",
            "customer_owned_ipv4_pool": "",
            "domain": "vpc",
            "id": "eipalloc-02d228c4b95167f2e",
            "instance": "",
            "network_border_group": "us-east-1",
            "network_interface": "eni-078564ec30d8f53eb",
            "private_dns": "ip-10-200-0-237.ec2.internal",
            "private_ip": "10.200.0.237",
            "public_dns": "ec2-23-20-203-98.compute-1.amazonaws.com",
            "public_ip": "23.20.203.98",
            "public_ipv4_pool": "amazon",
            "tags": {},
            "timeouts": null,
            "vpc": true
          },
          "private": "eyJlMmJmYjczMC1lY2FhLTExZTYtOGY4OC0zNDM2M2JjN2M0YzAiOnsiZGVsZXRlIjoxODAwMDAwMDAwMDAsInJlYWQiOjkwMDAwMDAwMDAwMCwidXBkYXRlIjozMDAwMDAwMDAwMDB9fQ=="
        }
      ]
    },
    {
      "module": "module.vpc",
      "mode": "managed",
      "type": "aws_internet_gateway",
      "name": "mainIG",
      "provider": "provider[\"registry.terraform.io/hashicorp/aws\"]",
      "instances": [
        {
          "schema_version": 0,
          "attributes": {
            "arn": "arn:aws:ec2:us-east-1:862989290375:internet-gateway/igw-0a74ee62744aa0e7f",
            "id": "igw-0a74ee62744aa0e7f",
            "owner_id": "862989290375",
            "tags": {
              "Deployment_Method": "terraform",
              "name": "Aleidy-us-east-1-dev-internet-gateway"
            },
            "vpc_id": "vpc-062aad044e883696e"
          },
          "private": "bnVsbA==",
          "dependencies": [
            "module.vpc.aws_vpc.ale_vpc"
          ]
        }
      ]
    },
    {
      "module": "module.vpc",
      "mode": "managed",
      "type": "aws_nat_gateway",
      "name": "nat-gw",
      "provider": "provider[\"registry.terraform.io/hashicorp/aws\"]",
      "instances": [
        {
          "schema_version": 0,
          "attributes": {
            "allocation_id": "eipalloc-02d228c4b95167f2e",
            "id": "nat-0724157888d32b1b7",
            "network_interface_id": "eni-078564ec30d8f53eb",
            "private_ip": "10.200.0.237",
            "public_ip": "23.20.203.98",
            "subnet_id": "subnet-0ffed411294b85131",
            "tags": {
              "Deployment_Method": "terraform",
              "name": "Aleidy-us-east-1-dev-nat-gw"
            }
          },
          "private": "bnVsbA==",
          "dependencies": [
            "module.vpc.aws_eip.nat",
            "module.vpc.aws_subnet.public-1",
            "module.vpc.aws_vpc.ale_vpc"
          ]
        }
      ]
    },
    {
      "module": "module.vpc",
      "mode": "managed",
      "type": "aws_route_table",
      "name": "private_route",
      "provider": "provider[\"registry.terraform.io/hashicorp/aws\"]",
      "instances": [
        {
          "schema_version": 0,
          "attributes": {
            "id": "rtb-0acbda5df6768b94b",
            "owner_id": "862989290375",
            "propagating_vgws": [],
            "route": [
              {
                "cidr_block": "0.0.0.0/0",
                "egress_only_gateway_id": "",
                "gateway_id": "nat-0724157888d32b1b7",
                "instance_id": "",
                "ipv6_cidr_block": "",
                "local_gateway_id": "",
                "nat_gateway_id": "",
                "network_interface_id": "",
                "transit_gateway_id": "",
                "vpc_endpoint_id": "",
                "vpc_peering_connection_id": ""
              }
            ],
            "tags": {
              "Deployment_Method": "terraform",
              "name": "Aleidy-us-east-1-dev-private_route"
            },
            "vpc_id": "vpc-062aad044e883696e"
          },
          "private": "bnVsbA==",
          "dependencies": [
            "module.vpc.aws_nat_gateway.nat-gw",
            "module.vpc.aws_vpc.ale_vpc"
          ]
        }
      ]
    },
    {
      "module": "module.vpc",
      "mode": "managed",
      "type": "aws_route_table",
      "name": "public_route",
      "provider": "provider[\"registry.terraform.io/hashicorp/aws\"]",
      "instances": [
        {
          "schema_version": 0,
          "attributes": {
            "id": "rtb-02db69448f2b5533a",
            "owner_id": "862989290375",
            "propagating_vgws": [],
            "route": [
              {
                "cidr_block": "0.0.0.0/0",
                "egress_only_gateway_id": "",
                "gateway_id": "igw-0a74ee62744aa0e7f",
                "instance_id": "",
                "ipv6_cidr_block": "",
                "local_gateway_id": "",
                "nat_gateway_id": "",
                "network_interface_id": "",
                "transit_gateway_id": "",
                "vpc_endpoint_id": "",
                "vpc_peering_connection_id": ""
              }
            ],
            "tags": {
              "Deployment_Method": "terraform",
              "name": "Aleidy-us-east-1-dev-public_route"
            },
            "vpc_id": "vpc-062aad044e883696e"
          },
          "private": "bnVsbA==",
          "dependencies": [
            "module.vpc.aws_internet_gateway.mainIG",
            "module.vpc.aws_vpc.ale_vpc"
          ]
        }
      ]
    },
    {
      "module": "module.vpc",
      "mode": "managed",
      "type": "aws_route_table_association",
      "name": "rout_private_1",
      "provider": "provider[\"registry.terraform.io/hashicorp/aws\"]",
      "instances": [
        {
          "schema_version": 0,
          "attributes": {
            "gateway_id": null,
            "id": "rtbassoc-0bbe5ce6c0e35a5de",
            "route_table_id": "rtb-0acbda5df6768b94b",
            "subnet_id": "subnet-0512debda61bd6766"
          },
          "private": "bnVsbA==",
          "dependencies": [
            "module.vpc.aws_nat_gateway.nat-gw",
            "module.vpc.aws_route_table.private_route",
            "module.vpc.aws_subnet.private_1",
            "module.vpc.aws_vpc.ale_vpc"
          ]
        }
      ]
    },
    {
      "module": "module.vpc",
      "mode": "managed",
      "type": "aws_route_table_association",
      "name": "rout_private_2",
      "provider": "provider[\"registry.terraform.io/hashicorp/aws\"]",
      "instances": [
        {
          "schema_version": 0,
          "attributes": {
            "gateway_id": null,
            "id": "rtbassoc-0cbb0e5cdddb93a12",
            "route_table_id": "rtb-0acbda5df6768b94b",
            "subnet_id": "subnet-04746d9359295588e"
          },
          "private": "bnVsbA==",
          "dependencies": [
            "module.vpc.aws_nat_gateway.nat-gw",
            "module.vpc.aws_route_table.private_route",
            "module.vpc.aws_subnet.private_2",
            "module.vpc.aws_vpc.ale_vpc"
          ]
        }
      ]
    },
    {
      "module": "module.vpc",
      "mode": "managed",
      "type": "aws_route_table_association",
      "name": "rout_private_3",
      "provider": "provider[\"registry.terraform.io/hashicorp/aws\"]",
      "instances": [
        {
          "schema_version": 0,
          "attributes": {
            "gateway_id": null,
            "id": "rtbassoc-049ae4d2ca9068400",
            "route_table_id": "rtb-0acbda5df6768b94b",
            "subnet_id": "subnet-002b03232f00c3ace"
          },
          "private": "bnVsbA==",
          "dependencies": [
            "module.vpc.aws_nat_gateway.nat-gw",
            "module.vpc.aws_route_table.private_route",
            "module.vpc.aws_subnet.private_3",
            "module.vpc.aws_vpc.ale_vpc"
          ]
        }
      ]
    },
    {
      "module": "module.vpc",
      "mode": "managed",
      "type": "aws_route_table_association",
      "name": "rta-public-1",
      "provider": "provider[\"registry.terraform.io/hashicorp/aws\"]",
      "instances": [
        {
          "schema_version": 0,
          "attributes": {
            "gateway_id": null,
            "id": "rtbassoc-0872cbd45979e910f",
            "route_table_id": "rtb-02db69448f2b5533a",
            "subnet_id": "subnet-0ffed411294b85131"
          },
          "private": "bnVsbA==",
          "dependencies": [
            "module.vpc.aws_internet_gateway.mainIG",
            "module.vpc.aws_route_table.public_route",
            "module.vpc.aws_subnet.public-1",
            "module.vpc.aws_vpc.ale_vpc"
          ]
        }
      ]
    },
    {
      "module": "module.vpc",
      "mode": "managed",
      "type": "aws_route_table_association",
      "name": "rta-public-2",
      "provider": "provider[\"registry.terraform.io/hashicorp/aws\"]",
      "instances": [
        {
          "schema_version": 0,
          "attributes": {
            "gateway_id": null,
            "id": "rtbassoc-0355b03cb6b6c2fa2",
            "route_table_id": "rtb-02db69448f2b5533a",
            "subnet_id": "subnet-039065fe682436f48"
          },
          "private": "bnVsbA==",
          "dependencies": [
            "module.vpc.aws_internet_gateway.mainIG",
            "module.vpc.aws_route_table.public_route",
            "module.vpc.aws_subnet.public-2",
            "module.vpc.aws_vpc.ale_vpc"
          ]
        }
      ]
    },
    {
      "module": "module.vpc",
      "mode": "managed",
      "type": "aws_route_table_association",
      "name": "rta-public-3",
      "provider": "provider[\"registry.terraform.io/hashicorp/aws\"]",
      "instances": [
        {
          "schema_version": 0,
          "attributes": {
            "gateway_id": null,
            "id": "rtbassoc-00378b484e15098fa",
            "route_table_id": "rtb-02db69448f2b5533a",
            "subnet_id": "subnet-0520edbe8c42d9444"
          },
          "private": "bnVsbA==",
          "dependencies": [
            "module.vpc.aws_route_table.public_route",
            "module.vpc.aws_subnet.public-3",
            "module.vpc.aws_vpc.ale_vpc"
          ]
        }
      ]
    },
    {
      "module": "module.vpc",
      "mode": "managed",
      "type": "aws_subnet",
      "name": "private_1",
      "provider": "provider[\"registry.terraform.io/hashicorp/aws\"]",
      "instances": [
        {
          "schema_version": 1,
          "attributes": {
            "arn": "arn:aws:ec2:us-east-1:862989290375:subnet/subnet-0512debda61bd6766",
            "assign_ipv6_address_on_creation": false,
            "availability_zone": "us-east-1a",
            "availability_zone_id": "use1-az4",
            "cidr_block": "10.200.3.0/24",
            "id": "subnet-0512debda61bd6766",
            "ipv6_cidr_block": "",
            "ipv6_cidr_block_association_id": "",
            "map_public_ip_on_launch": false,
            "outpost_arn": "",
            "owner_id": "862989290375",
            "tags": {
              "Deployment_Method": "terraform",
              "name": "Aleidy-us-east-1-dev-private-subnet"
            },
            "timeouts": null,
            "vpc_id": "vpc-062aad044e883696e"
          },
          "private": "eyJlMmJmYjczMC1lY2FhLTExZTYtOGY4OC0zNDM2M2JjN2M0YzAiOnsiY3JlYXRlIjo2MDAwMDAwMDAwMDAsImRlbGV0ZSI6MTIwMDAwMDAwMDAwMH0sInNjaGVtYV92ZXJzaW9uIjoiMSJ9",
          "dependencies": [
            "module.vpc.aws_vpc.ale_vpc"
          ]
        }
      ]
    },
    {
      "module": "module.vpc",
      "mode": "managed",
      "type": "aws_subnet",
      "name": "private_2",
      "provider": "provider[\"registry.terraform.io/hashicorp/aws\"]",
      "instances": [
        {
          "schema_version": 1,
          "attributes": {
            "arn": "arn:aws:ec2:us-east-1:862989290375:subnet/subnet-04746d9359295588e",
            "assign_ipv6_address_on_creation": false,
            "availability_zone": "us-east-1b",
            "availability_zone_id": "use1-az6",
            "cidr_block": "10.200.4.0/24",
            "id": "subnet-04746d9359295588e",
            "ipv6_cidr_block": "",
            "ipv6_cidr_block_association_id": "",
            "map_public_ip_on_launch": false,
            "outpost_arn": "",
            "owner_id": "862989290375",
            "tags": {
              "Deployment_Method": "terraform",
              "name": "Aleidy-us-east-1-dev-private-subnet2"
            },
            "timeouts": null,
            "vpc_id": "vpc-062aad044e883696e"
          },
          "private": "eyJlMmJmYjczMC1lY2FhLTExZTYtOGY4OC0zNDM2M2JjN2M0YzAiOnsiY3JlYXRlIjo2MDAwMDAwMDAwMDAsImRlbGV0ZSI6MTIwMDAwMDAwMDAwMH0sInNjaGVtYV92ZXJzaW9uIjoiMSJ9",
          "dependencies": [
            "module.vpc.aws_vpc.ale_vpc"
          ]
        }
      ]
    },
    {
      "module": "module.vpc",
      "mode": "managed",
      "type": "aws_subnet",
      "name": "private_3",
      "provider": "provider[\"registry.terraform.io/hashicorp/aws\"]",
      "instances": [
        {
          "schema_version": 1,
          "attributes": {
            "arn": "arn:aws:ec2:us-east-1:862989290375:subnet/subnet-002b03232f00c3ace",
            "assign_ipv6_address_on_creation": false,
            "availability_zone": "us-east-1c",
            "availability_zone_id": "use1-az1",
            "cidr_block": "10.200.5.0/24",
            "id": "subnet-002b03232f00c3ace",
            "ipv6_cidr_block": "",
            "ipv6_cidr_block_association_id": "",
            "map_public_ip_on_launch": false,
            "outpost_arn": "",
            "owner_id": "862989290375",
            "tags": {
              "Deployment_Method": "terraform",
              "name": "Aleidy-us-east-1-dev-private-subnet3"
            },
            "timeouts": null,
            "vpc_id": "vpc-062aad044e883696e"
          },
          "private": "eyJlMmJmYjczMC1lY2FhLTExZTYtOGY4OC0zNDM2M2JjN2M0YzAiOnsiY3JlYXRlIjo2MDAwMDAwMDAwMDAsImRlbGV0ZSI6MTIwMDAwMDAwMDAwMH0sInNjaGVtYV92ZXJzaW9uIjoiMSJ9",
          "dependencies": [
            "module.vpc.aws_vpc.ale_vpc"
          ]
        }
      ]
    },
    {
      "module": "module.vpc",
      "mode": "managed",
      "type": "aws_subnet",
      "name": "public-1",
      "provider": "provider[\"registry.terraform.io/hashicorp/aws\"]",
      "instances": [
        {
          "schema_version": 1,
          "attributes": {
            "arn": "arn:aws:ec2:us-east-1:862989290375:subnet/subnet-0ffed411294b85131",
            "assign_ipv6_address_on_creation": false,
            "availability_zone": "us-east-1a",
            "availability_zone_id": "use1-az4",
            "cidr_block": "10.200.0.0/24",
            "id": "subnet-0ffed411294b85131",
            "ipv6_cidr_block": "",
            "ipv6_cidr_block_association_id": "",
            "map_public_ip_on_launch": false,
            "outpost_arn": "",
            "owner_id": "862989290375",
            "tags": {
              "Deployment_Method": "terraform",
              "name": "Aleidy-us-east-1-dev-public-subnet1"
            },
            "timeouts": null,
            "vpc_id": "vpc-062aad044e883696e"
          },
          "private": "eyJlMmJmYjczMC1lY2FhLTExZTYtOGY4OC0zNDM2M2JjN2M0YzAiOnsiY3JlYXRlIjo2MDAwMDAwMDAwMDAsImRlbGV0ZSI6MTIwMDAwMDAwMDAwMH0sInNjaGVtYV92ZXJzaW9uIjoiMSJ9",
          "dependencies": [
            "module.vpc.aws_vpc.ale_vpc"
          ]
        }
      ]
    },
    {
      "module": "module.vpc",
      "mode": "managed",
      "type": "aws_subnet",
      "name": "public-2",
      "provider": "provider[\"registry.terraform.io/hashicorp/aws\"]",
      "instances": [
        {
          "schema_version": 1,
          "attributes": {
            "arn": "arn:aws:ec2:us-east-1:862989290375:subnet/subnet-039065fe682436f48",
            "assign_ipv6_address_on_creation": false,
            "availability_zone": "us-east-1b",
            "availability_zone_id": "use1-az6",
            "cidr_block": "10.200.1.0/24",
            "id": "subnet-039065fe682436f48",
            "ipv6_cidr_block": "",
            "ipv6_cidr_block_association_id": "",
            "map_public_ip_on_launch": false,
            "outpost_arn": "",
            "owner_id": "862989290375",
            "tags": {
              "Deployment_Method": "terraform",
              "name": "Aleidy-us-east-1-dev-public-subnet2"
            },
            "timeouts": null,
            "vpc_id": "vpc-062aad044e883696e"
          },
          "private": "eyJlMmJmYjczMC1lY2FhLTExZTYtOGY4OC0zNDM2M2JjN2M0YzAiOnsiY3JlYXRlIjo2MDAwMDAwMDAwMDAsImRlbGV0ZSI6MTIwMDAwMDAwMDAwMH0sInNjaGVtYV92ZXJzaW9uIjoiMSJ9",
          "dependencies": [
            "module.vpc.aws_vpc.ale_vpc"
          ]
        }
      ]
    },
    {
      "module": "module.vpc",
      "mode": "managed",
      "type": "aws_subnet",
      "name": "public-3",
      "provider": "provider[\"registry.terraform.io/hashicorp/aws\"]",
      "instances": [
        {
          "schema_version": 1,
          "attributes": {
            "arn": "arn:aws:ec2:us-east-1:862989290375:subnet/subnet-0520edbe8c42d9444",
            "assign_ipv6_address_on_creation": false,
            "availability_zone": "us-east-1c",
            "availability_zone_id": "use1-az1",
            "cidr_block": "10.200.2.0/24",
            "id": "subnet-0520edbe8c42d9444",
            "ipv6_cidr_block": "",
            "ipv6_cidr_block_association_id": "",
            "map_public_ip_on_launch": false,
            "outpost_arn": "",
            "owner_id": "862989290375",
            "tags": {
              "Deployment_Method": "terraform",
              "name": "Aleidy-us-east-1-dev-public-subnet3"
            },
            "timeouts": null,
            "vpc_id": "vpc-062aad044e883696e"
          },
          "private": "eyJlMmJmYjczMC1lY2FhLTExZTYtOGY4OC0zNDM2M2JjN2M0YzAiOnsiY3JlYXRlIjo2MDAwMDAwMDAwMDAsImRlbGV0ZSI6MTIwMDAwMDAwMDAwMH0sInNjaGVtYV92ZXJzaW9uIjoiMSJ9",
          "dependencies": [
            "module.vpc.aws_vpc.ale_vpc"
          ]
        }
      ]
    },
    {
      "module": "module.vpc",
      "mode": "managed",
      "type": "aws_vpc",
      "name": "ale_vpc",
      "provider": "provider[\"registry.terraform.io/hashicorp/aws\"]",
      "instances": [
        {
          "schema_version": 1,
          "attributes": {
            "arn": "arn:aws:ec2:us-east-1:862989290375:vpc/vpc-062aad044e883696e",
            "assign_generated_ipv6_cidr_block": false,
            "cidr_block": "10.200.0.0/16",
            "default_network_acl_id": "acl-08282e1c04805bd13",
            "default_route_table_id": "rtb-08a8be1f89cb27e37",
            "default_security_group_id": "sg-01ec034c7a7cd9113",
            "dhcp_options_id": "dopt-7f2a4e05",
            "enable_classiclink": false,
            "enable_classiclink_dns_support": false,
            "enable_dns_hostnames": false,
            "enable_dns_support": true,
            "id": "vpc-062aad044e883696e",
            "instance_tenancy": "default",
            "ipv6_association_id": "",
            "ipv6_cidr_block": "",
            "main_route_table_id": "rtb-08a8be1f89cb27e37",
            "owner_id": "862989290375",
            "tags": {
              "Deployment_Method": "terraform",
              "name": "Aleidy-us-east-1-dev-vpc"
            }
          },
          "private": "eyJzY2hlbWFfdmVyc2lvbiI6IjEifQ==",
          "create_before_destroy": true
        }
      ]
    }
  ]
}
