{
  "version": 4,
  "terraform_version": "0.13.3",
  "serial": 622,
  "lineage": "c808b5d0-dfd4-ab47-c0de-8ff9fee50d2b",
  "outputs": {
    "autoscaling_group_name": {
      "value": "tf-asg-20201210170422411100000002",
      "type": "string"
    },
    "security_group_ids": {
      "value": "sg-06a76db4923be4676",
      "type": "string"
    },
    "target_group_arn": {
      "value": "arn:aws:elasticloadbalancing:us-east-1:862989290375:targetgroup/test/60ed9e59b9827a2b",
      "type": "string"
    }
  },
  "resources": [
    {
      "module": "module.autoscaling_group",
      "mode": "managed",
      "type": "aws_autoscaling_group",
      "name": "bar",
      "provider": "provider[\"registry.terraform.io/hashicorp/aws\"]",
      "instances": [
        {
          "schema_version": 0,
          "attributes": {
            "arn": "arn:aws:autoscaling:us-east-1:862989290375:autoScalingGroup:90567d23-86d5-44e5-af7e-8501959b69f7:autoScalingGroupName/tf-asg-20201210170422411100000002",
            "availability_zones": [
              "us-east-1a"
            ],
            "capacity_rebalance": false,
            "default_cooldown": 300,
            "desired_capacity": 1,
            "enabled_metrics": [],
            "force_delete": false,
            "health_check_grace_period": 300,
            "health_check_type": "EC2",
            "id": "tf-asg-20201210170422411100000002",
            "initial_lifecycle_hook": [],
            "launch_configuration": "terraform-lc-example-20201210204637730900000001",
            "launch_template": [],
            "load_balancers": [],
            "max_instance_lifetime": 0,
            "max_size": 1,
            "metrics_granularity": "1Minute",
            "min_elb_capacity": null,
            "min_size": 1,
            "mixed_instances_policy": [],
            "name": "tf-asg-20201210170422411100000002",
            "name_prefix": null,
            "placement_group": "",
            "protect_from_scale_in": false,
            "service_linked_role_arn": "arn:aws:iam::862989290375:role/aws-service-role/autoscaling.amazonaws.com/AWSServiceRoleForAutoScaling",
            "suspended_processes": [],
            "tag": [],
            "tags": null,
            "target_group_arns": [],
            "termination_policies": [],
            "timeouts": null,
            "vpc_zone_identifier": [
              "subnet-09fffe121120d8131"
            ],
            "wait_for_capacity_timeout": "10m",
            "wait_for_elb_capacity": null
          },
          "private": "eyJlMmJmYjczMC1lY2FhLTExZTYtOGY4OC0zNDM2M2JjN2M0YzAiOnsiZGVsZXRlIjo2MDAwMDAwMDAwMDB9fQ==",
          "dependencies": [
            "module.ec2-security_group.aws_security_group.security_group",
            "module.ecs_module.aws_iam_instance_profile.test_profile",
            "module.ecs_module.aws_launch_configuration.as_conf",
            "module.load-balancer-security-group.aws_security_group.security_group",
            "module.vpc.aws_subnet.public-1",
            "module.vpc.aws_vpc.ale_vpc"
          ]
        }
      ]
    },
    {
      "module": "module.ec2-security_group",
      "mode": "managed",
      "type": "aws_security_group",
      "name": "security_group",
      "provider": "provider[\"registry.terraform.io/hashicorp/aws\"]",
      "instances": [
        {
          "schema_version": 1,
          "attributes": {
            "arn": "arn:aws:ec2:us-east-1:862989290375:security-group/sg-06a76db4923be4676",
            "description": "Managed by Terraform",
            "egress": [
              {
                "cidr_blocks": [
                  "0.0.0.0/0"
                ],
                "description": "",
                "from_port": 0,
                "ipv6_cidr_blocks": [],
                "prefix_list_ids": [],
                "protocol": "-1",
                "security_groups": [],
                "self": false,
                "to_port": 0
              }
            ],
            "id": "sg-06a76db4923be4676",
            "ingress": [
              {
                "cidr_blocks": [],
                "description": "All traffic on port 22",
                "from_port": 0,
                "ipv6_cidr_blocks": [],
                "prefix_list_ids": [],
                "protocol": "-1",
                "security_groups": [
                  "sg-0631f41824a0cd0ba"
                ],
                "self": false,
                "to_port": 0
              }
            ],
            "name": "public",
            "name_prefix": "",
            "owner_id": "862989290375",
            "revoke_rules_on_delete": false,
            "tags": {
              "Name": "public"
            },
            "timeouts": null,
            "vpc_id": "vpc-021c5e542cae8bffa"
          },
          "private": "eyJlMmJmYjczMC1lY2FhLTExZTYtOGY4OC0zNDM2M2JjN2M0YzAiOnsiY3JlYXRlIjo2MDAwMDAwMDAwMDAsImRlbGV0ZSI6NjAwMDAwMDAwMDAwfSwic2NoZW1hX3ZlcnNpb24iOiIxIn0=",
          "dependencies": [
            "module.load-balancer-security-group.aws_security_group.security_group",
            "module.vpc.aws_vpc.ale_vpc"
          ]
        }
      ]
    },
    {
      "module": "module.ecs-service-security-group",
      "mode": "managed",
      "type": "aws_security_group",
      "name": "security_group",
      "provider": "provider[\"registry.terraform.io/hashicorp/aws\"]",
      "instances": [
        {
          "schema_version": 1,
          "attributes": {
            "arn": "arn:aws:ec2:us-east-1:862989290375:security-group/sg-0f109f99d7da672b7",
            "description": "Managed by Terraform",
            "egress": [
              {
                "cidr_blocks": [
                  "0.0.0.0/0"
                ],
                "description": "",
                "from_port": 0,
                "ipv6_cidr_blocks": [],
                "prefix_list_ids": [],
                "protocol": "-1",
                "security_groups": [],
                "self": false,
                "to_port": 0
              }
            ],
            "id": "sg-0f109f99d7da672b7",
            "ingress": [
              {
                "cidr_blocks": [],
                "description": "Allow traffic from public instances.security_group",
                "from_port": 0,
                "ipv6_cidr_blocks": [],
                "prefix_list_ids": [],
                "protocol": "-1",
                "security_groups": [
                  "sg-0631f41824a0cd0ba"
                ],
                "self": false,
                "to_port": 0
              }
            ],
            "name": "private",
            "name_prefix": "",
            "owner_id": "862989290375",
            "revoke_rules_on_delete": false,
            "tags": {
              "Name": "private"
            },
            "timeouts": null,
            "vpc_id": "vpc-021c5e542cae8bffa"
          },
          "private": "eyJlMmJmYjczMC1lY2FhLTExZTYtOGY4OC0zNDM2M2JjN2M0YzAiOnsiY3JlYXRlIjo2MDAwMDAwMDAwMDAsImRlbGV0ZSI6NjAwMDAwMDAwMDAwfSwic2NoZW1hX3ZlcnNpb24iOiIxIn0=",
          "dependencies": [
            "module.load-balancer-security-group.aws_security_group.security_group",
            "module.vpc.aws_vpc.ale_vpc"
          ]
        }
      ]
    },
    {
      "module": "module.ecs_module",
      "mode": "managed",
      "type": "aws_cloudwatch_log_group",
      "name": "log_group",
      "provider": "provider[\"registry.terraform.io/hashicorp/aws\"]",
      "instances": [
        {
          "schema_version": 0,
          "attributes": {
            "arn": "arn:aws:logs:us-east-1:862989290375:log-group:/ecs/aleidy-group",
            "id": "/ecs/aleidy-group",
            "kms_key_id": "",
            "name": "/ecs/aleidy-group",
            "name_prefix": null,
            "retention_in_days": 0,
            "tags": {}
          },
          "private": "bnVsbA=="
        }
      ]
    },
    {
      "module": "module.ecs_module",
      "mode": "managed",
      "type": "aws_ecs_capacity_provider",
      "name": "test",
      "provider": "provider[\"registry.terraform.io/hashicorp/aws\"]",
      "instances": [
        {
          "schema_version": 0,
          "attributes": {
            "arn": "arn:aws:ecs:us-east-1:862989290375:capacity-provider/test",
            "auto_scaling_group_provider": [
              {
                "auto_scaling_group_arn": "arn:aws:autoscaling:us-east-1:862989290375:autoScalingGroup:90567d23-86d5-44e5-af7e-8501959b69f7:autoScalingGroupName/tf-asg-20201210170422411100000002",
                "managed_scaling": [
                  {
                    "maximum_scaling_step_size": 1000,
                    "minimum_scaling_step_size": 1,
                    "status": "ENABLED",
                    "target_capacity": 1
                  }
                ],
                "managed_termination_protection": "DISABLED"
              }
            ],
            "id": "arn:aws:ecs:us-east-1:862989290375:capacity-provider/test",
            "name": "test",
            "tags": {}
          },
          "private": "bnVsbA==",
          "dependencies": [
            "module.autoscaling_group.aws_autoscaling_group.bar",
            "module.ec2-security_group.aws_security_group.security_group",
            "module.ecs_module.aws_iam_instance_profile.test_profile",
            "module.ecs_module.aws_iam_role.ec2-role",
            "module.ecs_module.aws_launch_configuration.as_conf",
            "module.load-balancer-security-group.aws_security_group.security_group",
            "module.load_balancer.aws_lb.ALB",
            "module.target_group.aws_lb_target_group.test",
            "module.vpc.aws_subnet.public-1",
            "module.vpc.aws_subnet.public-2",
            "module.vpc.aws_vpc.ale_vpc"
          ]
        }
      ]
    },
    {
      "module": "module.ecs_module",
      "mode": "managed",
      "type": "aws_ecs_cluster",
      "name": "foo",
      "provider": "provider[\"registry.terraform.io/hashicorp/aws\"]",
      "instances": [
        {
          "schema_version": 0,
          "attributes": {
            "arn": "arn:aws:ecs:us-east-1:862989290375:cluster/clue",
            "capacity_providers": [
              "test"
            ],
            "default_capacity_provider_strategy": [
              {
                "base": 0,
                "capacity_provider": "test",
                "weight": 1
              }
            ],
            "id": "arn:aws:ecs:us-east-1:862989290375:cluster/clue",
            "name": "clue",
            "setting": [
              {
                "name": "containerInsights",
                "value": "disabled"
              }
            ],
            "tags": {}
          },
          "dependencies": [
            "module.autoscaling_group.aws_autoscaling_group.bar",
            "module.ec2-security_group.aws_security_group.security_group",
            "module.ecs_module.aws_ecs_capacity_provider.test",
            "module.ecs_module.aws_iam_instance_profile.test_profile",
            "module.ecs_module.aws_iam_role.ec2-role",
            "module.ecs_module.aws_launch_configuration.as_conf",
            "module.load-balancer-security-group.aws_security_group.security_group",
            "module.load_balancer.aws_lb.ALB",
            "module.target_group.aws_lb_target_group.test",
            "module.vpc.aws_subnet.public-1",
            "module.vpc.aws_subnet.public-2",
            "module.vpc.aws_vpc.ale_vpc"
          ]
        }
      ]
    },
    {
      "module": "module.ecs_module",
      "mode": "managed",
      "type": "aws_ecs_service",
      "name": "example",
      "provider": "provider[\"registry.terraform.io/hashicorp/aws\"]",
      "instances": [
        {
          "schema_version": 0,
          "attributes": {
            "capacity_provider_strategy": [
              {
                "base": 0,
                "capacity_provider": "test",
                "weight": 1
              }
            ],
            "cluster": "arn:aws:ecs:us-east-1:862989290375:cluster/clue",
            "deployment_controller": [
              {
                "type": "ECS"
              }
            ],
            "deployment_maximum_percent": 200,
            "deployment_minimum_healthy_percent": 100,
            "desired_count": 1,
            "enable_ecs_managed_tags": false,
            "force_new_deployment": null,
            "health_check_grace_period_seconds": 0,
            "iam_role": "aws-service-role",
            "id": "arn:aws:ecs:us-east-1:862989290375:service/clue/example",
            "launch_type": "",
            "load_balancer": [
              {
                "container_name": "aleidys-site",
                "container_port": 3000,
                "elb_name": "",
                "target_group_arn": "arn:aws:elasticloadbalancing:us-east-1:862989290375:targetgroup/test/60ed9e59b9827a2b"
              }
            ],
            "name": "example",
            "network_configuration": [
              {
                "assign_public_ip": false,
                "security_groups": [
                  "sg-0f109f99d7da672b7"
                ],
                "subnets": [
                  "subnet-09fffe121120d8131"
                ]
              }
            ],
            "ordered_placement_strategy": [],
            "placement_constraints": [],
            "platform_version": "",
            "propagate_tags": "NONE",
            "scheduling_strategy": "REPLICA",
            "service_registries": [],
            "tags": {},
            "task_definition": "arn:aws:ecs:us-east-1:862989290375:task-definition/service:17",
            "timeouts": null,
            "wait_for_steady_state": false
          },
          "private": "eyJlMmJmYjczMC1lY2FhLTExZTYtOGY4OC0zNDM2M2JjN2M0YzAiOnsiZGVsZXRlIjoxMjAwMDAwMDAwMDAwfX0=",
          "dependencies": [
            "module.ecs-service-security-group.aws_security_group.security_group",
            "module.ecs_module.aws_ecs_capacity_provider.test",
            "module.ecs_module.aws_ecs_cluster.foo",
            "module.ecs_module.aws_ecs_task_definition.service",
            "module.target_group.aws_lb_target_group.test",
            "module.vpc.aws_subnet.public-1"
          ]
        }
      ]
    },
    {
      "module": "module.ecs_module",
      "mode": "managed",
      "type": "aws_ecs_task_definition",
      "name": "service",
      "provider": "provider[\"registry.terraform.io/hashicorp/aws\"]",
      "instances": [
        {
          "schema_version": 1,
          "attributes": {
            "arn": "arn:aws:ecs:us-east-1:862989290375:task-definition/service:17",
            "container_definitions": "[{\"cpu\":0,\"environment\":[],\"essential\":true,\"image\":\"862989290375.dkr.ecr.us-east-1.amazonaws.com/sample-express-app:latest\",\"logConfiguration\":{\"logDriver\":\"awslogs\",\"options\":{\"awslogs-group\":\"/ecs/aleidy-group\",\"awslogs-region\":\"us-east-1\"}},\"memory\":756,\"mountPoints\":[],\"name\":\"aleidys-site\",\"portMappings\":[{\"containerPort\":3000,\"hostPort\":3000,\"protocol\":\"tcp\"}],\"volumesFrom\":[]}]",
            "cpu": "",
            "execution_role_arn": "arn:aws:iam::862989290375:role/task_execution_role",
            "family": "service",
            "id": "service",
            "inference_accelerator": [],
            "ipc_mode": "",
            "memory": "",
            "network_mode": "awsvpc",
            "pid_mode": "",
            "placement_constraints": [],
            "proxy_configuration": [],
            "requires_compatibilities": [],
            "revision": 17,
            "tags": {},
            "task_role_arn": "arn:aws:iam::862989290375:role/task_role",
            "volume": []
          },
          "private": "eyJzY2hlbWFfdmVyc2lvbiI6IjEifQ==",
          "dependencies": [
            "module.ecs_module.aws_iam_role.task_execution_role",
            "module.ecs_module.aws_iam_role.task_role"
          ]
        }
      ]
    },
    {
      "module": "module.ecs_module",
      "mode": "managed",
      "type": "aws_iam_instance_profile",
      "name": "test_profile",
      "provider": "provider[\"registry.terraform.io/hashicorp/aws\"]",
      "instances": [
        {
          "schema_version": 0,
          "attributes": {
            "arn": "arn:aws:iam::862989290375:instance-profile/test_profile",
            "create_date": "2020-12-10T17:01:28Z",
            "id": "test_profile",
            "name": "test_profile",
            "name_prefix": null,
            "path": "/",
            "role": "ec2-role",
            "unique_id": "AIPA4R3RLRODU7JOJAEWC"
          },
          "private": "bnVsbA==",
          "dependencies": [
            "module.ecs_module.aws_iam_role.ec2-role"
          ],
          "create_before_destroy": true
        }
      ]
    },
    {
      "module": "module.ecs_module",
      "mode": "managed",
      "type": "aws_iam_policy",
      "name": "ec2_policy",
      "provider": "provider[\"registry.terraform.io/hashicorp/aws\"]",
      "instances": [
        {
          "schema_version": 0,
          "attributes": {
            "arn": "arn:aws:iam::862989290375:policy/ec2_policy",
            "description": "",
            "id": "arn:aws:iam::862989290375:policy/ec2_policy",
            "name": "ec2_policy",
            "name_prefix": null,
            "path": "/",
            "policy": "{\n  \"Version\": \"2012-10-17\",\n  \"Statement\": [\n    {\n      \"Effect\": \"Allow\",\n      \"Action\": [\n        \"ec2:DescribeTags\",\n        \"ecs:CreateCluster\",\n        \"ecs:DeregisterContainerInstance\",\n        \"ecs:DiscoverPollEndpoint\",\n        \"ecs:Poll\",\n        \"ecs:RegisterContainerInstance\",\n        \"ecs:StartTelemetrySession\",\n        \"ecs:UpdateContainerInstancesState\",\n        \"ecs:Submit*\",\n        \"ecr:GetAuthorizationToken\",\n        \"ecr:BatchCheckLayerAvailability\",\n        \"ecr:GetDownloadUrlForLayer\",\n        \"ecr:GetRepositoryPolicy\",\n        \"ecr:DescribeRepositories\",\n        \"ecr:ListImages\",\n        \"ecr:DescribeImages\",\n        \"ecr:BatchGetImage\",\n        \"ecr:GetLifecyclePolicy\",\n        \"ecr:GetLifecyclePolicyPreview\",\n        \"ecr:ListTagsForResource\",\n        \"ecr:DescribeImageScanFindings\",\n        \"ecr:CompleteLayerUpload\",\n        \"logs:CreateLogStream\",\n        \"logs:PutLogEvents\"\n      ],\n      \"Resource\": \"*\"\n    }\n  ]\n}\n"
          },
          "private": "bnVsbA=="
        }
      ]
    },
    {
      "module": "module.ecs_module",
      "mode": "managed",
      "type": "aws_iam_policy",
      "name": "task_execution_policy",
      "provider": "provider[\"registry.terraform.io/hashicorp/aws\"]",
      "instances": [
        {
          "schema_version": 0,
          "attributes": {
            "arn": "arn:aws:iam::862989290375:policy/task_execution_policy",
            "description": "My test policy",
            "id": "arn:aws:iam::862989290375:policy/task_execution_policy",
            "name": "task_execution_policy",
            "name_prefix": null,
            "path": "/",
            "policy": "{\n  \"Version\": \"2012-10-17\",\n  \"Statement\": [\n    {\n      \"Effect\": \"Allow\",\n      \"Action\": [\n        \"logs:CreateLogStream\",\n        \"logs:PutLogEvents\",\n        \"logs:CreateLogGroup\",\n        \"ecr:GetAuthorizationToken\",\n        \"ecr:BatchCheckLayerAvailability\",\n        \"ecr:GetDownloadUrlForLayer\",\n        \"ecr:GetRepositoryPolicy\",\n        \"ecr:DescribeRepositories\",\n        \"ecr:ListImages\",\n        \"ecr:DescribeImages\",\n        \"ecr:BatchGetImage\",\n        \"ecr:GetLifecyclePolicy\",\n        \"ecr:GetLifecyclePolicyPreview\",\n        \"ecr:ListTagsForResource\",\n        \"ecr:DescribeImageScanFindings\",\n        \"ecr:GetAuthorizationToken\"\n      ],\n      \"Resource\": \"*\"\n    }\n  ]\n}\n"
          },
          "private": "bnVsbA=="
        }
      ]
    },
    {
      "module": "module.ecs_module",
      "mode": "managed",
      "type": "aws_iam_policy",
      "name": "task_policy",
      "provider": "provider[\"registry.terraform.io/hashicorp/aws\"]",
      "instances": [
        {
          "schema_version": 0,
          "attributes": {
            "arn": "arn:aws:iam::862989290375:policy/ecs_task_policy",
            "description": "",
            "id": "arn:aws:iam::862989290375:policy/ecs_task_policy",
            "name": "ecs_task_policy",
            "name_prefix": null,
            "path": "/",
            "policy": "{\n  \"Version\": \"2012-10-17\",\n  \"Statement\": [\n    {\n      \"Action\": [\n        \"logs:*\"\n      ],\n      \"Effect\": \"Allow\",\n      \"Resource\": \"*\"\n    }\n  ]\n}\n"
          },
          "private": "bnVsbA=="
        }
      ]
    },
    {
      "module": "module.ecs_module",
      "mode": "managed",
      "type": "aws_iam_policy_attachment",
      "name": "ec2_rp_attach",
      "provider": "provider[\"registry.terraform.io/hashicorp/aws\"]",
      "instances": [
        {
          "schema_version": 0,
          "attributes": {
            "groups": [],
            "id": "task-attachment",
            "name": "task-attachment",
            "policy_arn": "arn:aws:iam::862989290375:policy/ec2_policy",
            "roles": [
              "ec2-role"
            ],
            "users": []
          },
          "private": "bnVsbA==",
          "dependencies": [
            "module.ecs_module.aws_iam_policy.ec2_policy",
            "module.ecs_module.aws_iam_role.ec2-role"
          ]
        }
      ]
    },
    {
      "module": "module.ecs_module",
      "mode": "managed",
      "type": "aws_iam_policy_attachment",
      "name": "task_execution_rp_attached",
      "provider": "provider[\"registry.terraform.io/hashicorp/aws\"]",
      "instances": [
        {
          "schema_version": 0,
          "attributes": {
            "groups": [],
            "id": "task-attachment",
            "name": "task-attachment",
            "policy_arn": "arn:aws:iam::862989290375:policy/task_execution_policy",
            "roles": [
              "task_execution_role"
            ],
            "users": []
          },
          "private": "bnVsbA==",
          "dependencies": [
            "module.ecs_module.aws_iam_policy.task_execution_policy",
            "module.ecs_module.aws_iam_role.task_execution_role"
          ]
        }
      ]
    },
    {
      "module": "module.ecs_module",
      "mode": "managed",
      "type": "aws_iam_policy_attachment",
      "name": "test-attach",
      "provider": "provider[\"registry.terraform.io/hashicorp/aws\"]",
      "instances": [
        {
          "schema_version": 0,
          "attributes": {
            "groups": [],
            "id": "task-attachment",
            "name": "task-attachment",
            "policy_arn": "arn:aws:iam::862989290375:policy/ecs_task_policy",
            "roles": [
              "task_role"
            ],
            "users": []
          },
          "private": "bnVsbA==",
          "dependencies": [
            "module.ecs_module.aws_iam_policy.task_policy",
            "module.ecs_module.aws_iam_role.task_role"
          ]
        }
      ]
    },
    {
      "module": "module.ecs_module",
      "mode": "managed",
      "type": "aws_iam_role",
      "name": "ec2-role",
      "provider": "provider[\"registry.terraform.io/hashicorp/aws\"]",
      "instances": [
        {
          "schema_version": 0,
          "attributes": {
            "arn": "arn:aws:iam::862989290375:role/ec2-role",
            "assume_role_policy": "{\"Version\":\"2012-10-17\",\"Statement\":[{\"Sid\":\"\",\"Effect\":\"Allow\",\"Principal\":{\"Service\":\"ec2.amazonaws.com\"},\"Action\":\"sts:AssumeRole\"}]}",
            "create_date": "2020-12-10T17:01:28Z",
            "description": "",
            "force_detach_policies": false,
            "id": "ec2-role",
            "max_session_duration": 3600,
            "name": "ec2-role",
            "name_prefix": null,
            "path": "/",
            "permissions_boundary": null,
            "tags": {},
            "unique_id": "AROA4R3RLRODVCYRBTBGG"
          },
          "private": "bnVsbA==",
          "create_before_destroy": true
        }
      ]
    },
    {
      "module": "module.ecs_module",
      "mode": "managed",
      "type": "aws_iam_role",
      "name": "task_execution_role",
      "provider": "provider[\"registry.terraform.io/hashicorp/aws\"]",
      "instances": [
        {
          "schema_version": 0,
          "attributes": {
            "arn": "arn:aws:iam::862989290375:role/task_execution_role",
            "assume_role_policy": "{\"Version\":\"2012-10-17\",\"Statement\":[{\"Sid\":\"\",\"Effect\":\"Allow\",\"Principal\":{\"Service\":\"ecs-tasks.amazonaws.com\"},\"Action\":\"sts:AssumeRole\"}]}",
            "create_date": "2020-12-10T17:39:54Z",
            "description": "",
            "force_detach_policies": false,
            "id": "task_execution_role",
            "max_session_duration": 3600,
            "name": "task_execution_role",
            "name_prefix": null,
            "path": "/",
            "permissions_boundary": null,
            "tags": {},
            "unique_id": "AROA4R3RLRODV5QOIAZKH"
          },
          "private": "bnVsbA=="
        }
      ]
    },
    {
      "module": "module.ecs_module",
      "mode": "managed",
      "type": "aws_iam_role",
      "name": "task_role",
      "provider": "provider[\"registry.terraform.io/hashicorp/aws\"]",
      "instances": [
        {
          "schema_version": 0,
          "attributes": {
            "arn": "arn:aws:iam::862989290375:role/task_role",
            "assume_role_policy": "{\"Version\":\"2012-10-17\",\"Statement\":[{\"Sid\":\"\",\"Effect\":\"Allow\",\"Principal\":{\"Service\":\"ecs-tasks.amazonaws.com\"},\"Action\":\"sts:AssumeRole\"}]}",
            "create_date": "2020-12-10T17:39:54Z",
            "description": "",
            "force_detach_policies": false,
            "id": "task_role",
            "max_session_duration": 3600,
            "name": "task_role",
            "name_prefix": null,
            "path": "/",
            "permissions_boundary": null,
            "tags": {},
            "unique_id": "AROA4R3RLRODSKQEGLWIK"
          },
          "private": "bnVsbA=="
        }
      ]
    },
    {
      "module": "module.ecs_module",
      "mode": "managed",
      "type": "aws_launch_configuration",
      "name": "as_conf",
      "provider": "provider[\"registry.terraform.io/hashicorp/aws\"]",
      "instances": [
        {
          "schema_version": 0,
          "attributes": {
            "arn": "arn:aws:autoscaling:us-east-1:862989290375:launchConfiguration:a9a5222a-07de-47e5-9d1e-1775f889f725:launchConfigurationName/terraform-lc-example-20201210204637730900000001",
            "associate_public_ip_address": true,
            "ebs_block_device": [],
            "ebs_optimized": false,
            "enable_monitoring": true,
            "ephemeral_block_device": [],
            "iam_instance_profile": "arn:aws:iam::862989290375:instance-profile/test_profile",
            "id": "terraform-lc-example-20201210204637730900000001",
            "image_id": "ami-0128839b21d19300e",
            "instance_type": "t2.micro",
            "key_name": "ale-us-east-1",
            "name": "terraform-lc-example-20201210204637730900000001",
            "name_prefix": "terraform-lc-example-",
            "placement_tenancy": null,
            "root_block_device": [],
            "security_groups": [
              "sg-06a76db4923be4676"
            ],
            "spot_price": "",
            "user_data": "87bcfd6053c7463b77cf79dcd36d268361040c48",
            "user_data_base64": null,
            "vpc_classic_link_id": "",
            "vpc_classic_link_security_groups": []
          },
          "private": "bnVsbA==",
          "dependencies": [
            "module.ec2-security_group.aws_security_group.security_group",
            "module.ecs_module.aws_iam_instance_profile.test_profile",
            "module.load-balancer-security-group.aws_security_group.security_group",
            "module.vpc.aws_vpc.ale_vpc"
          ],
          "create_before_destroy": true
        }
      ]
    },
    {
      "module": "module.load-balancer-security-group",
      "mode": "managed",
      "type": "aws_security_group",
      "name": "security_group",
      "provider": "provider[\"registry.terraform.io/hashicorp/aws\"]",
      "instances": [
        {
          "schema_version": 1,
          "attributes": {
            "arn": "arn:aws:ec2:us-east-1:862989290375:security-group/sg-0631f41824a0cd0ba",
            "description": "Managed by Terraform",
            "egress": [
              {
                "cidr_blocks": [
                  "0.0.0.0/0"
                ],
                "description": "",
                "from_port": 0,
                "ipv6_cidr_blocks": [],
                "prefix_list_ids": [],
                "protocol": "-1",
                "security_groups": [],
                "self": false,
                "to_port": 0
              }
            ],
            "id": "sg-0631f41824a0cd0ba",
            "ingress": [
              {
                "cidr_blocks": [
                  "0.0.0.0/0"
                ],
                "description": "Allow traffic from public instances.security_group",
                "from_port": 443,
                "ipv6_cidr_blocks": [],
                "prefix_list_ids": [],
                "protocol": "tcp",
                "security_groups": [],
                "self": false,
                "to_port": 443
              },
              {
                "cidr_blocks": [
                  "0.0.0.0/0"
                ],
                "description": "Allow traffic from public instances.security_group",
                "from_port": 80,
                "ipv6_cidr_blocks": [],
                "prefix_list_ids": [],
                "protocol": "tcp",
                "security_groups": [],
                "self": false,
                "to_port": 80
              }
            ],
            "name": "security_load_b",
            "name_prefix": "",
            "owner_id": "862989290375",
            "revoke_rules_on_delete": false,
            "tags": {
              "Name": "security_load_b"
            },
            "timeouts": null,
            "vpc_id": "vpc-021c5e542cae8bffa"
          },
          "private": "eyJlMmJmYjczMC1lY2FhLTExZTYtOGY4OC0zNDM2M2JjN2M0YzAiOnsiY3JlYXRlIjo2MDAwMDAwMDAwMDAsImRlbGV0ZSI6NjAwMDAwMDAwMDAwfSwic2NoZW1hX3ZlcnNpb24iOiIxIn0=",
          "dependencies": [
            "module.vpc.aws_vpc.ale_vpc"
          ],
          "create_before_destroy": true
        }
      ]
    },
    {
      "module": "module.load_balancer",
      "mode": "managed",
      "type": "aws_lb",
      "name": "ALB",
      "provider": "provider[\"registry.terraform.io/hashicorp/aws\"]",
      "instances": [
        {
          "schema_version": 0,
          "attributes": {
            "access_logs": [
              {
                "bucket": "",
                "enabled": false,
                "prefix": ""
              }
            ],
            "arn": "arn:aws:elasticloadbalancing:us-east-1:862989290375:loadbalancer/app/main-load/8105a3a470c715a0",
            "arn_suffix": "app/main-load/8105a3a470c715a0",
            "customer_owned_ipv4_pool": "",
            "dns_name": "main-load-446270306.us-east-1.elb.amazonaws.com",
            "drop_invalid_header_fields": false,
            "enable_cross_zone_load_balancing": null,
            "enable_deletion_protection": false,
            "enable_http2": true,
            "id": "arn:aws:elasticloadbalancing:us-east-1:862989290375:loadbalancer/app/main-load/8105a3a470c715a0",
            "idle_timeout": 60,
            "internal": false,
            "ip_address_type": "ipv4",
            "load_balancer_type": "application",
            "name": "main-load",
            "name_prefix": null,
            "security_groups": [
              "sg-0631f41824a0cd0ba"
            ],
            "subnet_mapping": [
              {
                "allocation_id": "",
                "outpost_id": "",
                "private_ipv4_address": "",
                "subnet_id": "subnet-09fffe121120d8131"
              },
              {
                "allocation_id": "",
                "outpost_id": "",
                "private_ipv4_address": "",
                "subnet_id": "subnet-0f8fc761ee9dd0b42"
              }
            ],
            "subnets": [
              "subnet-09fffe121120d8131",
              "subnet-0f8fc761ee9dd0b42"
            ],
            "tags": {
              "Deployment_Method": "production",
              "name": "ALB"
            },
            "timeouts": null,
            "vpc_id": "vpc-021c5e542cae8bffa",
            "zone_id": "Z35SXDOTRQ7X7K"
          },
          "private": "eyJlMmJmYjczMC1lY2FhLTExZTYtOGY4OC0zNDM2M2JjN2M0YzAiOnsiY3JlYXRlIjo2MDAwMDAwMDAwMDAsImRlbGV0ZSI6NjAwMDAwMDAwMDAwLCJ1cGRhdGUiOjYwMDAwMDAwMDAwMH19",
          "dependencies": [
            "module.load-balancer-security-group.aws_security_group.security_group",
            "module.vpc.aws_subnet.public-1",
            "module.vpc.aws_subnet.public-2"
          ]
        }
      ]
    },
    {
      "module": "module.load_balancer",
      "mode": "managed",
      "type": "aws_lb_listener",
      "name": "port-80-traffic",
      "provider": "provider[\"registry.terraform.io/hashicorp/aws\"]",
      "instances": [
        {
          "schema_version": 0,
          "attributes": {
            "arn": "arn:aws:elasticloadbalancing:us-east-1:862989290375:listener/app/main-load/8105a3a470c715a0/b6f9a23c1bc735a0",
            "certificate_arn": null,
            "default_action": [
              {
                "authenticate_cognito": [],
                "authenticate_oidc": [],
                "fixed_response": [],
                "forward": [],
                "order": 1,
                "redirect": [],
                "target_group_arn": "arn:aws:elasticloadbalancing:us-east-1:862989290375:targetgroup/test/60ed9e59b9827a2b",
                "type": "forward"
              }
            ],
            "id": "arn:aws:elasticloadbalancing:us-east-1:862989290375:listener/app/main-load/8105a3a470c715a0/b6f9a23c1bc735a0",
            "load_balancer_arn": "arn:aws:elasticloadbalancing:us-east-1:862989290375:loadbalancer/app/main-load/8105a3a470c715a0",
            "port": 80,
            "protocol": "HTTP",
            "ssl_policy": "",
            "timeouts": null
          },
          "private": "eyJlMmJmYjczMC1lY2FhLTExZTYtOGY4OC0zNDM2M2JjN2M0YzAiOnsicmVhZCI6NjAwMDAwMDAwMDAwfX0=",
          "dependencies": [
            "module.load-balancer-security-group.aws_security_group.security_group",
            "module.load_balancer.aws_lb.ALB",
            "module.target_group.aws_lb_target_group.test",
            "module.vpc.aws_subnet.public-1",
            "module.vpc.aws_subnet.public-2",
            "module.vpc.aws_vpc.ale_vpc"
          ]
        }
      ]
    },
    {
      "module": "module.load_balancer",
      "mode": "managed",
      "type": "aws_lb_listener_rule",
      "name": "port-80-rule",
      "provider": "provider[\"registry.terraform.io/hashicorp/aws\"]",
      "instances": [
        {
          "schema_version": 0,
          "attributes": {
            "action": [
              {
                "authenticate_cognito": [],
                "authenticate_oidc": [],
                "fixed_response": [],
                "forward": [],
                "order": 1,
                "redirect": [],
                "target_group_arn": "arn:aws:elasticloadbalancing:us-east-1:862989290375:targetgroup/test/60ed9e59b9827a2b",
                "type": "forward"
              }
            ],
            "arn": "arn:aws:elasticloadbalancing:us-east-1:862989290375:listener-rule/app/main-load/8105a3a470c715a0/b6f9a23c1bc735a0/b70f2f82456f0959",
            "condition": [
              {
                "host_header": [
                  {
                    "values": [
                      "test1.aleidy.kiastests.com"
                    ]
                  }
                ],
                "http_header": [],
                "http_request_method": [],
                "path_pattern": [],
                "query_string": [],
                "source_ip": []
              }
            ],
            "id": "arn:aws:elasticloadbalancing:us-east-1:862989290375:listener-rule/app/main-load/8105a3a470c715a0/b6f9a23c1bc735a0/b70f2f82456f0959",
            "listener_arn": "arn:aws:elasticloadbalancing:us-east-1:862989290375:listener/app/main-load/8105a3a470c715a0/b6f9a23c1bc735a0",
            "priority": 99
          },
          "private": "bnVsbA==",
          "dependencies": [
            "module.load-balancer-security-group.aws_security_group.security_group",
            "module.load_balancer.aws_lb.ALB",
            "module.load_balancer.aws_lb_listener.port-80-traffic",
            "module.target_group.aws_lb_target_group.test",
            "module.vpc.aws_subnet.public-1",
            "module.vpc.aws_subnet.public-2",
            "module.vpc.aws_vpc.ale_vpc"
          ]
        }
      ]
    },
    {
      "module": "module.route53",
      "mode": "data",
      "type": "aws_elb_hosted_zone_id",
      "name": "ALB",
      "provider": "provider[\"registry.terraform.io/hashicorp/aws\"]",
      "instances": [
        {
          "schema_version": 0,
          "attributes": {
            "id": "Z35SXDOTRQ7X7K",
            "region": null
          }
        }
      ]
    },
    {
      "module": "module.route53",
      "mode": "managed",
      "type": "aws_route53_record",
      "name": "record",
      "provider": "provider[\"registry.terraform.io/hashicorp/aws\"]",
      "instances": [
        {
          "schema_version": 2,
          "attributes": {
            "alias": [
              {
                "evaluate_target_health": false,
                "name": "main-load-446270306.us-east-1.elb.amazonaws.com",
                "zone_id": "Z35SXDOTRQ7X7K"
              }
            ],
            "allow_overwrite": null,
            "failover_routing_policy": [],
            "fqdn": "test2.aleidy.kiastests.com",
            "geolocation_routing_policy": [],
            "health_check_id": "",
            "id": "Z01146212F8P0X6ZMXFNW_test2_A",
            "latency_routing_policy": [],
            "multivalue_answer_routing_policy": null,
            "name": "test2",
            "records": [],
            "set_identifier": "",
            "ttl": 0,
            "type": "A",
            "weighted_routing_policy": [],
            "zone_id": "Z01146212F8P0X6ZMXFNW"
          },
          "private": "eyJzY2hlbWFfdmVyc2lvbiI6IjIifQ==",
          "dependencies": [
            "module.load-balancer-security-group.aws_security_group.security_group",
            "module.load_balancer.aws_lb.ALB",
            "module.route53.data.aws_elb_hosted_zone_id.ALB",
            "module.vpc.aws_subnet.public-1",
            "module.vpc.aws_subnet.public-2"
          ]
        }
      ]
    },
    {
      "module": "module.target_group",
      "mode": "managed",
      "type": "aws_lb_target_group",
      "name": "test",
      "provider": "provider[\"registry.terraform.io/hashicorp/aws\"]",
      "instances": [
        {
          "schema_version": 0,
          "attributes": {
            "arn": "arn:aws:elasticloadbalancing:us-east-1:862989290375:targetgroup/test/60ed9e59b9827a2b",
            "arn_suffix": "targetgroup/test/60ed9e59b9827a2b",
            "deregistration_delay": 300,
            "health_check": [
              {
                "enabled": true,
                "healthy_threshold": 2,
                "interval": 31,
                "matcher": "200-304",
                "path": "/",
                "port": "traffic-port",
                "protocol": "HTTP",
                "timeout": 30,
                "unhealthy_threshold": 3
              }
            ],
            "id": "arn:aws:elasticloadbalancing:us-east-1:862989290375:targetgroup/test/60ed9e59b9827a2b",
            "lambda_multi_value_headers_enabled": false,
            "load_balancing_algorithm_type": "round_robin",
            "name": "test",
            "name_prefix": null,
            "port": 3000,
            "protocol": "HTTP",
            "proxy_protocol_v2": false,
            "slow_start": 0,
            "stickiness": [
              {
                "cookie_duration": 86400,
                "enabled": false,
                "type": "lb_cookie"
              }
            ],
            "tags": {},
            "target_type": "ip",
            "vpc_id": "vpc-021c5e542cae8bffa"
          },
          "private": "bnVsbA==",
          "dependencies": [
            "module.load-balancer-security-group.aws_security_group.security_group",
            "module.load_balancer.aws_lb.ALB",
            "module.vpc.aws_subnet.public-1",
            "module.vpc.aws_subnet.public-2",
            "module.vpc.aws_vpc.ale_vpc"
          ]
        }
      ]
    },
    {
      "module": "module.vpc",
      "mode": "managed",
      "type": "aws_eip",
      "name": "nat",
      "provider": "provider[\"registry.terraform.io/hashicorp/aws\"]",
      "instances": [
        {
          "schema_version": 0,
          "attributes": {
            "allocation_id": null,
            "associate_with_private_ip": null,
            "association_id": "eipassoc-07bb9746afddc2640",
            "customer_owned_ip": "",
            "customer_owned_ipv4_pool": "",
            "domain": "vpc",
            "id": "eipalloc-0509f444acb6485ce",
            "instance": "",
            "network_border_group": "us-east-1",
            "network_interface": "eni-0ab61d1b94c9f0845",
            "private_dns": "ip-10-200-0-122.ec2.internal",
            "private_ip": "10.200.0.122",
            "public_dns": "ec2-54-83-31-210.compute-1.amazonaws.com",
            "public_ip": "54.83.31.210",
            "public_ipv4_pool": "amazon",
            "tags": {},
            "timeouts": null,
            "vpc": true
          },
          "private": "eyJlMmJmYjczMC1lY2FhLTExZTYtOGY4OC0zNDM2M2JjN2M0YzAiOnsiZGVsZXRlIjoxODAwMDAwMDAwMDAsInJlYWQiOjkwMDAwMDAwMDAwMCwidXBkYXRlIjozMDAwMDAwMDAwMDB9fQ=="
        }
      ]
    },
    {
      "module": "module.vpc",
      "mode": "managed",
      "type": "aws_internet_gateway",
      "name": "mainIG",
      "provider": "provider[\"registry.terraform.io/hashicorp/aws\"]",
      "instances": [
        {
          "schema_version": 0,
          "attributes": {
            "arn": "arn:aws:ec2:us-east-1:862989290375:internet-gateway/igw-061e33fababe82b02",
            "id": "igw-061e33fababe82b02",
            "owner_id": "862989290375",
            "tags": {
              "Name": "mainIG"
            },
            "vpc_id": "vpc-021c5e542cae8bffa"
          },
          "dependencies": [
            "module.vpc.aws_vpc.ale_vpc"
          ]
        }
      ]
    },
    {
      "module": "module.vpc",
      "mode": "managed",
      "type": "aws_nat_gateway",
      "name": "nat-gw",
      "provider": "provider[\"registry.terraform.io/hashicorp/aws\"]",
      "instances": [
        {
          "schema_version": 0,
          "attributes": {
            "allocation_id": "eipalloc-0509f444acb6485ce",
            "id": "nat-02c38cb6b26c8b091",
            "network_interface_id": "eni-0ab61d1b94c9f0845",
            "private_ip": "10.200.0.122",
            "public_ip": "54.83.31.210",
            "subnet_id": "subnet-09fffe121120d8131",
            "tags": {
              "Name": "Aleidy-nat-gateway"
            }
          },
          "private": "bnVsbA==",
          "dependencies": [
            "module.vpc.aws_eip.nat",
            "module.vpc.aws_subnet.public-1"
          ]
        }
      ]
    },
    {
      "module": "module.vpc",
      "mode": "managed",
      "type": "aws_route_table",
      "name": "private_route",
      "provider": "provider[\"registry.terraform.io/hashicorp/aws\"]",
      "instances": [
        {
          "schema_version": 0,
          "attributes": {
            "id": "rtb-080f910e831afefae",
            "owner_id": "862989290375",
            "propagating_vgws": [],
            "route": [
              {
                "cidr_block": "0.0.0.0/0",
                "egress_only_gateway_id": "",
                "gateway_id": "nat-02c38cb6b26c8b091",
                "instance_id": "",
                "ipv6_cidr_block": "",
                "local_gateway_id": "",
                "nat_gateway_id": "",
                "network_interface_id": "",
                "transit_gateway_id": "",
                "vpc_endpoint_id": "",
                "vpc_peering_connection_id": ""
              }
            ],
            "tags": {
              "Name": "private_route"
            },
            "vpc_id": "vpc-021c5e542cae8bffa"
          },
          "private": "bnVsbA==",
          "dependencies": [
            "module.vpc.aws_nat_gateway.nat-gw",
            "module.vpc.aws_vpc.ale_vpc"
          ]
        }
      ]
    },
    {
      "module": "module.vpc",
      "mode": "managed",
      "type": "aws_route_table",
      "name": "public_route",
      "provider": "provider[\"registry.terraform.io/hashicorp/aws\"]",
      "instances": [
        {
          "schema_version": 0,
          "attributes": {
            "id": "rtb-0ac4c67c51550e6ae",
            "owner_id": "862989290375",
            "propagating_vgws": [],
            "route": [
              {
                "cidr_block": "0.0.0.0/0",
                "egress_only_gateway_id": "",
                "gateway_id": "igw-061e33fababe82b02",
                "instance_id": "",
                "ipv6_cidr_block": "",
                "local_gateway_id": "",
                "nat_gateway_id": "",
                "network_interface_id": "",
                "transit_gateway_id": "",
                "vpc_endpoint_id": "",
                "vpc_peering_connection_id": ""
              }
            ],
            "tags": {
              "Name": "public_route"
            },
            "vpc_id": "vpc-021c5e542cae8bffa"
          },
          "private": "bnVsbA==",
          "dependencies": [
            "module.vpc.aws_internet_gateway.mainIG",
            "module.vpc.aws_vpc.ale_vpc"
          ]
        }
      ]
    },
    {
      "module": "module.vpc",
      "mode": "managed",
      "type": "aws_route_table_association",
      "name": "rout_private_1",
      "provider": "provider[\"registry.terraform.io/hashicorp/aws\"]",
      "instances": [
        {
          "schema_version": 0,
          "attributes": {
            "gateway_id": null,
            "id": "rtbassoc-0894cd4d34e1b9e2b",
            "route_table_id": "rtb-080f910e831afefae",
            "subnet_id": "subnet-016fab1be9102c178"
          },
          "private": "bnVsbA==",
          "dependencies": [
            "module.vpc.aws_eip.nat",
            "module.vpc.aws_nat_gateway.nat-gw",
            "module.vpc.aws_route_table.private_route",
            "module.vpc.aws_subnet.private_1",
            "module.vpc.aws_subnet.public-1",
            "module.vpc.aws_vpc.ale_vpc"
          ]
        }
      ]
    },
    {
      "module": "module.vpc",
      "mode": "managed",
      "type": "aws_route_table_association",
      "name": "rta-public-1",
      "provider": "provider[\"registry.terraform.io/hashicorp/aws\"]",
      "instances": [
        {
          "schema_version": 0,
          "attributes": {
            "gateway_id": null,
            "id": "rtbassoc-0edda538d41f4acfc",
            "route_table_id": "rtb-0ac4c67c51550e6ae",
            "subnet_id": "subnet-09fffe121120d8131"
          },
          "private": "bnVsbA==",
          "dependencies": [
            "module.vpc.aws_internet_gateway.mainIG",
            "module.vpc.aws_route_table.public_route",
            "module.vpc.aws_subnet.public-1",
            "module.vpc.aws_vpc.ale_vpc"
          ]
        }
      ]
    },
    {
      "module": "module.vpc",
      "mode": "managed",
      "type": "aws_route_table_association",
      "name": "rta-public-2",
      "provider": "provider[\"registry.terraform.io/hashicorp/aws\"]",
      "instances": [
        {
          "schema_version": 0,
          "attributes": {
            "gateway_id": null,
            "id": "rtbassoc-05d5172cd43048b67",
            "route_table_id": "rtb-0ac4c67c51550e6ae",
            "subnet_id": "subnet-0f8fc761ee9dd0b42"
          },
          "private": "bnVsbA==",
          "dependencies": [
            "module.vpc.aws_internet_gateway.mainIG",
            "module.vpc.aws_route_table.public_route",
            "module.vpc.aws_subnet.public-2",
            "module.vpc.aws_vpc.ale_vpc"
          ]
        }
      ]
    },
    {
      "module": "module.vpc",
      "mode": "managed",
      "type": "aws_subnet",
      "name": "private_1",
      "provider": "provider[\"registry.terraform.io/hashicorp/aws\"]",
      "instances": [
        {
          "schema_version": 1,
          "attributes": {
            "arn": "arn:aws:ec2:us-east-1:862989290375:subnet/subnet-016fab1be9102c178",
            "assign_ipv6_address_on_creation": false,
            "availability_zone": "us-east-1b",
            "availability_zone_id": "use1-az6",
            "cidr_block": "10.200.2.0/24",
            "id": "subnet-016fab1be9102c178",
            "ipv6_cidr_block": "",
            "ipv6_cidr_block_association_id": "",
            "map_public_ip_on_launch": false,
            "outpost_arn": "",
            "owner_id": "862989290375",
            "tags": {
              "Name": "Aleidy-private_1"
            },
            "timeouts": null,
            "vpc_id": "vpc-021c5e542cae8bffa"
          },
          "private": "eyJlMmJmYjczMC1lY2FhLTExZTYtOGY4OC0zNDM2M2JjN2M0YzAiOnsiY3JlYXRlIjo2MDAwMDAwMDAwMDAsImRlbGV0ZSI6MTIwMDAwMDAwMDAwMH0sInNjaGVtYV92ZXJzaW9uIjoiMSJ9",
          "dependencies": [
            "module.vpc.aws_vpc.ale_vpc"
          ]
        }
      ]
    },
    {
      "module": "module.vpc",
      "mode": "managed",
      "type": "aws_subnet",
      "name": "public-1",
      "provider": "provider[\"registry.terraform.io/hashicorp/aws\"]",
      "instances": [
        {
          "schema_version": 1,
          "attributes": {
            "arn": "arn:aws:ec2:us-east-1:862989290375:subnet/subnet-09fffe121120d8131",
            "assign_ipv6_address_on_creation": false,
            "availability_zone": "us-east-1a",
            "availability_zone_id": "use1-az4",
            "cidr_block": "10.200.0.0/24",
            "id": "subnet-09fffe121120d8131",
            "ipv6_cidr_block": "",
            "ipv6_cidr_block_association_id": "",
            "map_public_ip_on_launch": false,
            "outpost_arn": "",
            "owner_id": "862989290375",
            "tags": {
              "Name": "Aleidy-publicsubnet-1"
            },
            "timeouts": null,
            "vpc_id": "vpc-021c5e542cae8bffa"
          },
          "private": "eyJlMmJmYjczMC1lY2FhLTExZTYtOGY4OC0zNDM2M2JjN2M0YzAiOnsiY3JlYXRlIjo2MDAwMDAwMDAwMDAsImRlbGV0ZSI6MTIwMDAwMDAwMDAwMH0sInNjaGVtYV92ZXJzaW9uIjoiMSJ9",
          "dependencies": [
            "module.vpc.aws_vpc.ale_vpc"
          ]
        }
      ]
    },
    {
      "module": "module.vpc",
      "mode": "managed",
      "type": "aws_subnet",
      "name": "public-2",
      "provider": "provider[\"registry.terraform.io/hashicorp/aws\"]",
      "instances": [
        {
          "schema_version": 1,
          "attributes": {
            "arn": "arn:aws:ec2:us-east-1:862989290375:subnet/subnet-0f8fc761ee9dd0b42",
            "assign_ipv6_address_on_creation": false,
            "availability_zone": "us-east-1b",
            "availability_zone_id": "use1-az6",
            "cidr_block": "10.200.1.0/24",
            "id": "subnet-0f8fc761ee9dd0b42",
            "ipv6_cidr_block": "",
            "ipv6_cidr_block_association_id": "",
            "map_public_ip_on_launch": false,
            "outpost_arn": "",
            "owner_id": "862989290375",
            "tags": {
              "Name": "Aleidy-publicsubnet-2"
            },
            "timeouts": null,
            "vpc_id": "vpc-021c5e542cae8bffa"
          },
          "private": "eyJlMmJmYjczMC1lY2FhLTExZTYtOGY4OC0zNDM2M2JjN2M0YzAiOnsiY3JlYXRlIjo2MDAwMDAwMDAwMDAsImRlbGV0ZSI6MTIwMDAwMDAwMDAwMH0sInNjaGVtYV92ZXJzaW9uIjoiMSJ9",
          "dependencies": [
            "module.vpc.aws_vpc.ale_vpc"
          ]
        }
      ]
    },
    {
      "module": "module.vpc",
      "mode": "managed",
      "type": "aws_vpc",
      "name": "ale_vpc",
      "provider": "provider[\"registry.terraform.io/hashicorp/aws\"]",
      "instances": [
        {
          "schema_version": 1,
          "attributes": {
            "arn": "arn:aws:ec2:us-east-1:862989290375:vpc/vpc-021c5e542cae8bffa",
            "assign_generated_ipv6_cidr_block": false,
            "cidr_block": "10.200.0.0/16",
            "default_network_acl_id": "acl-0feff50f67e264e37",
            "default_route_table_id": "rtb-070a02e7d0fa7a391",
            "default_security_group_id": "sg-03bbfd48d4aa7a052",
            "dhcp_options_id": "dopt-7f2a4e05",
            "enable_classiclink": false,
            "enable_classiclink_dns_support": false,
            "enable_dns_hostnames": false,
            "enable_dns_support": true,
            "id": "vpc-021c5e542cae8bffa",
            "instance_tenancy": "default",
            "ipv6_association_id": "",
            "ipv6_cidr_block": "",
            "main_route_table_id": "rtb-070a02e7d0fa7a391",
            "owner_id": "862989290375",
            "tags": {
              "Name": "Aleidy-vpc"
            }
          },
          "private": "eyJzY2hlbWFfdmVyc2lvbiI6IjEifQ==",
          "create_before_destroy": true
        }
      ]
    }
  ]
}
